{
  "version": 4,
  "terraform_version": "1.3.5",
  "serial": 1709,
  "lineage": "1b9946b9-1e55-153e-f8a1-2bea77f85c15",
  "outputs": {},
  "resources": [
    {
      "mode": "managed",
      "type": "aws_eip",
      "name": "eip_1",
      "provider": "provider[\"registry.terraform.io/hashicorp/aws\"]",
      "instances": [
        {
          "schema_version": 0,
          "attributes": {
            "address": null,
            "allocation_id": "eipalloc-06a8b13f640c3e16f",
            "associate_with_private_ip": null,
            "association_id": "eipassoc-097abcd22625bda7a",
            "carrier_ip": "",
            "customer_owned_ip": "",
            "customer_owned_ipv4_pool": "",
            "domain": "vpc",
            "id": "eipalloc-06a8b13f640c3e16f",
            "instance": "",
            "network_border_group": "us-east-2",
            "network_interface": "eni-0c76adbd4c7fd80a2",
            "private_dns": "ip-10-10-151-207.us-east-2.compute.internal",
            "private_ip": "10.10.151.207",
            "public_dns": "ec2-3-129-172-232.us-east-2.compute.amazonaws.com",
            "public_ip": "3.129.172.232",
            "public_ipv4_pool": "amazon",
            "tags": {},
            "tags_all": {},
            "timeouts": null,
            "vpc": true
          },
          "sensitive_attributes": [],
          "private": "eyJlMmJmYjczMC1lY2FhLTExZTYtOGY4OC0zNDM2M2JjN2M0YzAiOnsiZGVsZXRlIjoxODAwMDAwMDAwMDAsInJlYWQiOjkwMDAwMDAwMDAwMCwidXBkYXRlIjozMDAwMDAwMDAwMDB9fQ=="
        }
      ]
    },
    {
      "mode": "managed",
      "type": "aws_eip",
      "name": "eip_2",
      "provider": "provider[\"registry.terraform.io/hashicorp/aws\"]",
      "instances": [
        {
          "schema_version": 0,
          "attributes": {
            "address": null,
            "allocation_id": "eipalloc-0f091e8e7541976f8",
            "associate_with_private_ip": null,
            "association_id": "eipassoc-0d37d0f2e6f34f4a3",
            "carrier_ip": "",
            "customer_owned_ip": "",
            "customer_owned_ipv4_pool": "",
            "domain": "vpc",
            "id": "eipalloc-0f091e8e7541976f8",
            "instance": "",
            "network_border_group": "us-east-2",
            "network_interface": "eni-0866c21e9eaf19874",
            "private_dns": "ip-10-10-152-247.us-east-2.compute.internal",
            "private_ip": "10.10.152.247",
            "public_dns": "ec2-3-15-113-14.us-east-2.compute.amazonaws.com",
            "public_ip": "3.15.113.14",
            "public_ipv4_pool": "amazon",
            "tags": {},
            "tags_all": {},
            "timeouts": null,
            "vpc": true
          },
          "sensitive_attributes": [],
          "private": "eyJlMmJmYjczMC1lY2FhLTExZTYtOGY4OC0zNDM2M2JjN2M0YzAiOnsiZGVsZXRlIjoxODAwMDAwMDAwMDAsInJlYWQiOjkwMDAwMDAwMDAwMCwidXBkYXRlIjozMDAwMDAwMDAwMDB9fQ=="
        }
      ]
    },
    {
      "mode": "managed",
      "type": "aws_instance",
      "name": "appserver_1a_0",
      "provider": "provider[\"registry.terraform.io/hashicorp/aws\"]",
      "instances": [
        {
          "schema_version": 1,
          "attributes": {
            "ami": "ami-0a606d8395a538502",
            "arn": "arn:aws:ec2:us-east-2:076757543616:instance/i-076363e3b3d5e8453",
            "associate_public_ip_address": false,
            "availability_zone": "us-east-2a",
            "capacity_reservation_specification": [
              {
                "capacity_reservation_preference": "open",
                "capacity_reservation_target": []
              }
            ],
            "cpu_core_count": 1,
            "cpu_threads_per_core": 1,
            "credit_specification": [
              {
                "cpu_credits": "standard"
              }
            ],
            "disable_api_stop": false,
            "disable_api_termination": false,
            "ebs_block_device": [],
            "ebs_optimized": false,
            "enclave_options": [
              {
                "enabled": false
              }
            ],
            "ephemeral_block_device": [],
            "get_password_data": false,
            "hibernation": false,
            "host_id": null,
            "host_resource_group_arn": null,
            "iam_instance_profile": "",
            "id": "i-076363e3b3d5e8453",
            "instance_initiated_shutdown_behavior": "stop",
            "instance_state": "running",
            "instance_type": "t2.micro",
            "ipv6_address_count": 0,
            "ipv6_addresses": [],
            "key_name": "utc_key",
            "launch_template": [],
            "maintenance_options": [
              {
                "auto_recovery": "default"
              }
            ],
            "metadata_options": [
              {
                "http_endpoint": "enabled",
                "http_put_response_hop_limit": 1,
                "http_tokens": "optional",
                "instance_metadata_tags": "disabled"
              }
            ],
            "monitoring": true,
            "network_interface": [],
            "outpost_arn": "",
            "password_data": "",
            "placement_group": "",
            "placement_partition_number": null,
            "primary_network_interface_id": "eni-0c3d17015821cfdf7",
            "private_dns": "ip-10-10-1-239.us-east-2.compute.internal",
            "private_dns_name_options": [
              {
                "enable_resource_name_dns_a_record": false,
                "enable_resource_name_dns_aaaa_record": false,
                "hostname_type": "ip-name"
              }
            ],
            "private_ip": "10.10.1.239",
            "public_dns": "",
            "public_ip": "",
            "root_block_device": [
              {
                "delete_on_termination": true,
                "device_name": "/dev/xvda",
                "encrypted": false,
                "iops": 100,
                "kms_key_id": "",
                "tags": {},
                "throughput": 0,
                "volume_id": "vol-09d7cd5ff348824cb",
                "volume_size": 8,
                "volume_type": "gp2"
              }
            ],
            "secondary_private_ips": [],
            "security_groups": [
              "sg-07a9b5bb143359c15"
            ],
            "source_dest_check": true,
            "subnet_id": "subnet-0b69b2f0727cd28ca",
            "tags": {
              "Environment": "dev",
              "Name": "appserver_1a_0",
              "Terraform": "true",
              "team": "config management"
            },
            "tags_all": {
              "Environment": "dev",
              "Name": "appserver_1a_0",
              "Terraform": "true",
              "team": "config management"
            },
            "tenancy": "default",
            "timeouts": null,
            "user_data": "789d39e06bb82b8ba62fd7d0c9f41dc17b0a0f0e",
            "user_data_base64": null,
            "user_data_replace_on_change": false,
            "volume_tags": null,
            "vpc_security_group_ids": [
              "sg-07a9b5bb143359c15"
            ]
          },
          "sensitive_attributes": [],
          "private": "eyJlMmJmYjczMC1lY2FhLTExZTYtOGY4OC0zNDM2M2JjN2M0YzAiOnsiY3JlYXRlIjo2MDAwMDAwMDAwMDAsImRlbGV0ZSI6MTIwMDAwMDAwMDAwMCwidXBkYXRlIjo2MDAwMDAwMDAwMDB9LCJzY2hlbWFfdmVyc2lvbiI6IjEifQ==",
          "dependencies": [
            "aws_security_group.app_server_sg",
            "aws_subnet.private_subnet_1a_0"
          ]
        }
      ]
    },
    {
      "mode": "managed",
      "type": "aws_instance",
      "name": "appserver_1a_1",
      "provider": "provider[\"registry.terraform.io/hashicorp/aws\"]",
      "instances": [
        {
          "schema_version": 1,
          "attributes": {
            "ami": "ami-0a606d8395a538502",
            "arn": "arn:aws:ec2:us-east-2:076757543616:instance/i-05dbeeec64269accf",
            "associate_public_ip_address": false,
            "availability_zone": "us-east-2a",
            "capacity_reservation_specification": [
              {
                "capacity_reservation_preference": "open",
                "capacity_reservation_target": []
              }
            ],
            "cpu_core_count": 1,
            "cpu_threads_per_core": 1,
            "credit_specification": [
              {
                "cpu_credits": "standard"
              }
            ],
            "disable_api_stop": false,
            "disable_api_termination": false,
            "ebs_block_device": [],
            "ebs_optimized": false,
            "enclave_options": [
              {
                "enabled": false
              }
            ],
            "ephemeral_block_device": [],
            "get_password_data": false,
            "hibernation": false,
            "host_id": null,
            "host_resource_group_arn": null,
            "iam_instance_profile": "",
            "id": "i-05dbeeec64269accf",
            "instance_initiated_shutdown_behavior": "stop",
            "instance_state": "running",
            "instance_type": "t2.micro",
            "ipv6_address_count": 0,
            "ipv6_addresses": [],
            "key_name": "utc_key",
            "launch_template": [],
            "maintenance_options": [
              {
                "auto_recovery": "default"
              }
            ],
            "metadata_options": [
              {
                "http_endpoint": "enabled",
                "http_put_response_hop_limit": 1,
                "http_tokens": "optional",
                "instance_metadata_tags": "disabled"
              }
            ],
            "monitoring": true,
            "network_interface": [],
            "outpost_arn": "",
            "password_data": "",
            "placement_group": "",
            "placement_partition_number": null,
            "primary_network_interface_id": "eni-0c5f6cfa9107fd2e9",
            "private_dns": "ip-10-10-2-215.us-east-2.compute.internal",
            "private_dns_name_options": [
              {
                "enable_resource_name_dns_a_record": false,
                "enable_resource_name_dns_aaaa_record": false,
                "hostname_type": "ip-name"
              }
            ],
            "private_ip": "10.10.2.215",
            "public_dns": "",
            "public_ip": "",
            "root_block_device": [
              {
                "delete_on_termination": true,
                "device_name": "/dev/xvda",
                "encrypted": false,
                "iops": 100,
                "kms_key_id": "",
                "tags": {},
                "throughput": 0,
                "volume_id": "vol-0a5df3b77e5a68d52",
                "volume_size": 8,
                "volume_type": "gp2"
              }
            ],
            "secondary_private_ips": [],
            "security_groups": [
              "sg-07a9b5bb143359c15"
            ],
            "source_dest_check": true,
            "subnet_id": "subnet-0b8a7f3761afa843f",
            "tags": {
              "Environment": "dev",
              "Name": "appserver_1a_1",
              "Terraform": "true",
              "team": "config management"
            },
            "tags_all": {
              "Environment": "dev",
              "Name": "appserver_1a_1",
              "Terraform": "true",
              "team": "config management"
            },
            "tenancy": "default",
            "timeouts": null,
            "user_data": "789d39e06bb82b8ba62fd7d0c9f41dc17b0a0f0e",
            "user_data_base64": null,
            "user_data_replace_on_change": false,
            "volume_tags": null,
            "vpc_security_group_ids": [
              "sg-07a9b5bb143359c15"
            ]
          },
          "sensitive_attributes": [],
          "private": "eyJlMmJmYjczMC1lY2FhLTExZTYtOGY4OC0zNDM2M2JjN2M0YzAiOnsiY3JlYXRlIjo2MDAwMDAwMDAwMDAsImRlbGV0ZSI6MTIwMDAwMDAwMDAwMCwidXBkYXRlIjo2MDAwMDAwMDAwMDB9LCJzY2hlbWFfdmVyc2lvbiI6IjEifQ==",
          "dependencies": [
            "aws_security_group.app_server_sg",
            "aws_subnet.private_subnet_1a_1"
          ]
        }
      ]
    },
    {
      "mode": "managed",
      "type": "aws_instance",
      "name": "appserver_1b_0",
      "provider": "provider[\"registry.terraform.io/hashicorp/aws\"]",
      "instances": [
        {
          "schema_version": 1,
          "attributes": {
            "ami": "ami-0a606d8395a538502",
            "arn": "arn:aws:ec2:us-east-2:076757543616:instance/i-0c356ac7b97dc0710",
            "associate_public_ip_address": false,
            "availability_zone": "us-east-2b",
            "capacity_reservation_specification": [
              {
                "capacity_reservation_preference": "open",
                "capacity_reservation_target": []
              }
            ],
            "cpu_core_count": 1,
            "cpu_threads_per_core": 1,
            "credit_specification": [
              {
                "cpu_credits": "standard"
              }
            ],
            "disable_api_stop": false,
            "disable_api_termination": false,
            "ebs_block_device": [],
            "ebs_optimized": false,
            "enclave_options": [
              {
                "enabled": false
              }
            ],
            "ephemeral_block_device": [],
            "get_password_data": false,
            "hibernation": false,
            "host_id": null,
            "host_resource_group_arn": null,
            "iam_instance_profile": "",
            "id": "i-0c356ac7b97dc0710",
            "instance_initiated_shutdown_behavior": "stop",
            "instance_state": "running",
            "instance_type": "t2.micro",
            "ipv6_address_count": 0,
            "ipv6_addresses": [],
            "key_name": "utc_key",
            "launch_template": [],
            "maintenance_options": [
              {
                "auto_recovery": "default"
              }
            ],
            "metadata_options": [
              {
                "http_endpoint": "enabled",
                "http_put_response_hop_limit": 1,
                "http_tokens": "optional",
                "instance_metadata_tags": "disabled"
              }
            ],
            "monitoring": true,
            "network_interface": [],
            "outpost_arn": "",
            "password_data": "",
            "placement_group": "",
            "placement_partition_number": null,
            "primary_network_interface_id": "eni-08ab8d472a604f7be",
            "private_dns": "ip-10-10-3-37.us-east-2.compute.internal",
            "private_dns_name_options": [
              {
                "enable_resource_name_dns_a_record": false,
                "enable_resource_name_dns_aaaa_record": false,
                "hostname_type": "ip-name"
              }
            ],
            "private_ip": "10.10.3.37",
            "public_dns": "",
            "public_ip": "",
            "root_block_device": [
              {
                "delete_on_termination": true,
                "device_name": "/dev/xvda",
                "encrypted": false,
                "iops": 100,
                "kms_key_id": "",
                "tags": {},
                "throughput": 0,
                "volume_id": "vol-0dade75067a9e346a",
                "volume_size": 8,
                "volume_type": "gp2"
              }
            ],
            "secondary_private_ips": [],
            "security_groups": [
              "sg-07a9b5bb143359c15"
            ],
            "source_dest_check": true,
            "subnet_id": "subnet-03ff7b7a1f8052a6f",
            "tags": {
              "Environment": "dev",
              "Name": "appserver_1b_0",
              "Terraform": "true",
              "team": "config management"
            },
            "tags_all": {
              "Environment": "dev",
              "Name": "appserver_1b_0",
              "Terraform": "true",
              "team": "config management"
            },
            "tenancy": "default",
            "timeouts": null,
            "user_data": "789d39e06bb82b8ba62fd7d0c9f41dc17b0a0f0e",
            "user_data_base64": null,
            "user_data_replace_on_change": false,
            "volume_tags": null,
            "vpc_security_group_ids": [
              "sg-07a9b5bb143359c15"
            ]
          },
          "sensitive_attributes": [],
          "private": "eyJlMmJmYjczMC1lY2FhLTExZTYtOGY4OC0zNDM2M2JjN2M0YzAiOnsiY3JlYXRlIjo2MDAwMDAwMDAwMDAsImRlbGV0ZSI6MTIwMDAwMDAwMDAwMCwidXBkYXRlIjo2MDAwMDAwMDAwMDB9LCJzY2hlbWFfdmVyc2lvbiI6IjEifQ==",
          "dependencies": [
            "aws_security_group.app_server_sg",
            "aws_subnet.private_subnet_1b_0"
          ]
        }
      ]
    },
    {
      "mode": "managed",
      "type": "aws_instance",
      "name": "appserver_1b_1",
      "provider": "provider[\"registry.terraform.io/hashicorp/aws\"]",
      "instances": [
        {
          "schema_version": 1,
          "attributes": {
            "ami": "ami-0a606d8395a538502",
            "arn": "arn:aws:ec2:us-east-2:076757543616:instance/i-0505abe9c91c4dae9",
            "associate_public_ip_address": false,
            "availability_zone": "us-east-2b",
            "capacity_reservation_specification": [
              {
                "capacity_reservation_preference": "open",
                "capacity_reservation_target": []
              }
            ],
            "cpu_core_count": 1,
            "cpu_threads_per_core": 1,
            "credit_specification": [
              {
                "cpu_credits": "standard"
              }
            ],
            "disable_api_stop": false,
            "disable_api_termination": false,
            "ebs_block_device": [],
            "ebs_optimized": false,
            "enclave_options": [
              {
                "enabled": false
              }
            ],
            "ephemeral_block_device": [],
            "get_password_data": false,
            "hibernation": false,
            "host_id": null,
            "host_resource_group_arn": null,
            "iam_instance_profile": "",
            "id": "i-0505abe9c91c4dae9",
            "instance_initiated_shutdown_behavior": "stop",
            "instance_state": "running",
            "instance_type": "t2.micro",
            "ipv6_address_count": 0,
            "ipv6_addresses": [],
            "key_name": "utc_key",
            "launch_template": [],
            "maintenance_options": [
              {
                "auto_recovery": "default"
              }
            ],
            "metadata_options": [
              {
                "http_endpoint": "enabled",
                "http_put_response_hop_limit": 1,
                "http_tokens": "optional",
                "instance_metadata_tags": "disabled"
              }
            ],
            "monitoring": true,
            "network_interface": [],
            "outpost_arn": "",
            "password_data": "",
            "placement_group": "",
            "placement_partition_number": null,
            "primary_network_interface_id": "eni-0c0834fe28305d8c2",
            "private_dns": "ip-10-10-4-150.us-east-2.compute.internal",
            "private_dns_name_options": [
              {
                "enable_resource_name_dns_a_record": false,
                "enable_resource_name_dns_aaaa_record": false,
                "hostname_type": "ip-name"
              }
            ],
            "private_ip": "10.10.4.150",
            "public_dns": "",
            "public_ip": "",
            "root_block_device": [
              {
                "delete_on_termination": true,
                "device_name": "/dev/xvda",
                "encrypted": false,
                "iops": 100,
                "kms_key_id": "",
                "tags": {},
                "throughput": 0,
                "volume_id": "vol-0615bd6da9fc3949e",
                "volume_size": 8,
                "volume_type": "gp2"
              }
            ],
            "secondary_private_ips": [],
            "security_groups": [
              "sg-07a9b5bb143359c15"
            ],
            "source_dest_check": true,
            "subnet_id": "subnet-0640eb0f5ab06a713",
            "tags": {
              "Environment": "dev",
              "Name": "appserver_1b_1",
              "Terraform": "true",
              "team": "config management"
            },
            "tags_all": {
              "Environment": "dev",
              "Name": "appserver_1b_1",
              "Terraform": "true",
              "team": "config management"
            },
            "tenancy": "default",
            "timeouts": null,
            "user_data": "789d39e06bb82b8ba62fd7d0c9f41dc17b0a0f0e",
            "user_data_base64": null,
            "user_data_replace_on_change": false,
            "volume_tags": null,
            "vpc_security_group_ids": [
              "sg-07a9b5bb143359c15"
            ]
          },
          "sensitive_attributes": [],
          "private": "eyJlMmJmYjczMC1lY2FhLTExZTYtOGY4OC0zNDM2M2JjN2M0YzAiOnsiY3JlYXRlIjo2MDAwMDAwMDAwMDAsImRlbGV0ZSI6MTIwMDAwMDAwMDAwMCwidXBkYXRlIjo2MDAwMDAwMDAwMDB9LCJzY2hlbWFfdmVyc2lvbiI6IjEifQ==",
          "dependencies": [
            "aws_security_group.app_server_sg",
            "aws_subnet.private_subnet_1b_1"
          ]
        }
      ]
    },
    {
      "mode": "managed",
      "type": "aws_instance",
      "name": "bastion_host",
      "provider": "provider[\"registry.terraform.io/hashicorp/aws\"]",
      "instances": [
        {
          "schema_version": 1,
          "attributes": {
            "ami": "ami-0a606d8395a538502",
            "arn": "arn:aws:ec2:us-east-2:076757543616:instance/i-074df8b0472fb7043",
            "associate_public_ip_address": true,
            "availability_zone": "us-east-2a",
            "capacity_reservation_specification": [
              {
                "capacity_reservation_preference": "open",
                "capacity_reservation_target": []
              }
            ],
            "cpu_core_count": 1,
            "cpu_threads_per_core": 1,
            "credit_specification": [
              {
                "cpu_credits": "standard"
              }
            ],
            "disable_api_stop": false,
            "disable_api_termination": false,
            "ebs_block_device": [],
            "ebs_optimized": false,
            "enclave_options": [
              {
                "enabled": false
              }
            ],
            "ephemeral_block_device": [],
            "get_password_data": false,
            "hibernation": false,
            "host_id": null,
            "host_resource_group_arn": null,
            "iam_instance_profile": "",
            "id": "i-074df8b0472fb7043",
            "instance_initiated_shutdown_behavior": "stop",
            "instance_state": "running",
            "instance_type": "t2.micro",
            "ipv6_address_count": 0,
            "ipv6_addresses": [],
            "key_name": "utc_key",
            "launch_template": [],
            "maintenance_options": [
              {
                "auto_recovery": "default"
              }
            ],
            "metadata_options": [
              {
                "http_endpoint": "enabled",
                "http_put_response_hop_limit": 1,
                "http_tokens": "optional",
                "instance_metadata_tags": "disabled"
              }
            ],
            "monitoring": true,
            "network_interface": [],
            "outpost_arn": "",
            "password_data": "",
            "placement_group": "",
            "placement_partition_number": null,
            "primary_network_interface_id": "eni-02fa1953fa7118beb",
            "private_dns": "ip-10-10-151-42.us-east-2.compute.internal",
            "private_dns_name_options": [
              {
                "enable_resource_name_dns_a_record": false,
                "enable_resource_name_dns_aaaa_record": false,
                "hostname_type": "ip-name"
              }
            ],
            "private_ip": "10.10.151.42",
            "public_dns": "",
            "public_ip": "18.216.173.242",
            "root_block_device": [
              {
                "delete_on_termination": true,
                "device_name": "/dev/xvda",
                "encrypted": false,
                "iops": 100,
                "kms_key_id": "",
                "tags": {},
                "throughput": 0,
                "volume_id": "vol-0a58cd164f2369897",
                "volume_size": 8,
                "volume_type": "gp2"
              }
            ],
            "secondary_private_ips": [],
            "security_groups": [
              "sg-00b366756246eaaa6"
            ],
            "source_dest_check": true,
            "subnet_id": "subnet-0a39beffdfd6aa89d",
            "tags": {
              "Environment": "dev",
              "Name": "bastion_host",
              "Terraform": "true",
              "team": "config management"
            },
            "tags_all": {
              "Environment": "dev",
              "Name": "bastion_host",
              "Terraform": "true",
              "team": "config management"
            },
            "tenancy": "default",
            "timeouts": null,
            "user_data": null,
            "user_data_base64": null,
            "user_data_replace_on_change": false,
            "volume_tags": null,
            "vpc_security_group_ids": [
              "sg-00b366756246eaaa6"
            ]
          },
          "sensitive_attributes": [],
          "private": "eyJlMmJmYjczMC1lY2FhLTExZTYtOGY4OC0zNDM2M2JjN2M0YzAiOnsiY3JlYXRlIjo2MDAwMDAwMDAwMDAsImRlbGV0ZSI6MTIwMDAwMDAwMDAwMCwidXBkYXRlIjo2MDAwMDAwMDAwMDB9LCJzY2hlbWFfdmVyc2lvbiI6IjEifQ==",
          "dependencies": [
            "aws_security_group.bastion_host_sg",
            "aws_subnet.public_subnet_1a",
            "aws_vpc.utc_vpc"
          ]
        }
      ]
    },
    {
      "mode": "managed",
      "type": "aws_internet_gateway",
      "name": "igw",
      "provider": "provider[\"registry.terraform.io/hashicorp/aws\"]",
      "instances": [
        {
          "schema_version": 0,
          "attributes": {
            "arn": "arn:aws:ec2:us-east-2:076757543616:internet-gateway/igw-015057d42b4810162",
            "id": "igw-015057d42b4810162",
            "owner_id": "076757543616",
            "tags": {
              "Name": "utc_vpc_igw"
            },
            "tags_all": {
              "Name": "utc_vpc_igw"
            },
            "timeouts": null,
            "vpc_id": "vpc-02829cac5a3fb6687"
          },
          "sensitive_attributes": [],
          "private": "eyJlMmJmYjczMC1lY2FhLTExZTYtOGY4OC0zNDM2M2JjN2M0YzAiOnsiY3JlYXRlIjoxMjAwMDAwMDAwMDAwLCJkZWxldGUiOjEyMDAwMDAwMDAwMDAsInVwZGF0ZSI6MTIwMDAwMDAwMDAwMH19",
          "dependencies": [
            "aws_vpc.utc_vpc"
          ]
        }
      ]
    },
    {
      "mode": "managed",
      "type": "aws_key_pair",
      "name": "tf_key",
      "provider": "provider[\"registry.terraform.io/hashicorp/aws\"]",
      "instances": [
        {
          "schema_version": 1,
          "attributes": {
            "arn": "arn:aws:ec2:us-east-2:076757543616:key-pair/utc_key",
            "fingerprint": "92:12:bb:79:40:d7:56:77:1d:f2:0f:a5:2e:91:36:c2",
            "id": "utc_key",
            "key_name": "utc_key",
            "key_name_prefix": "",
            "key_pair_id": "key-030ce2f0b3937c3de",
            "key_type": "rsa",
            "public_key": "ssh-rsa AAAAB3NzaC1yc2EAAAADAQABAAACAQDZGrvFAqlhSb2ev1I8AU+ph4frzEtC8P3IalsHKj8K7lq/Es44orqacvARlkT6iJ9s0Rp+OK+xq0y/NFn/Y/fk9nNYABGZkKs52DVDgdJwyOllfTs9/HoFfqqakZoLIBIGDxLX1W0BOc4QH9QPP7VpoSwr2Lk0+RFZW24/asRsUpqQi6X8TrUzxZ4g+M6D1+i9W1uPdnr8syuk6ptf0DjFfXjduDmD6gy1tQzzwWruzOcQfe0IIXoFVhW5kMOoi/tIO8Z9yyAcSzzSkcB9wKNUHg27oWh5g6t31ycw8ksWvKNrL2NCQpmUNeq6Chq77G9fzXHiZPy9iVd9VBk+vHfoe9ed+4uh0ofJbt7JgLMVRriX/pDjoOzPODUp2aHRcFqHUYqniJPZlxLKv9FUJgZPrvvx11t7quaSpo+JxGFt4vmmxq/nNI/XW1gl5MuHVkMfbpoac8+Sxaj6uBnlQqQAHJ4Viz7pt+JReIL2XpK2br9IAakpcUI/BwADJrGlzV39OW/fzguqPAYuZzhdLO3lBjcU/a4xsyzztRi07RxVWOJwgsfeNRl7t7HrjE6Eb+jMXpwMzEenSRLpq3FZ3os9TdSrfJZec620FOUj5b7JpRZjzG9DGUxrPCozlCQpv3jUEAp4tMhjYjj9YxPzpw3oNLRsd8gkzCC1pRugmFz5rw==",
            "tags": {},
            "tags_all": {}
          },
          "sensitive_attributes": [],
          "private": "eyJzY2hlbWFfdmVyc2lvbiI6IjEifQ==",
          "dependencies": [
            "tls_private_key.rsa"
          ]
        }
      ]
    },
    {
      "mode": "managed",
      "type": "aws_lb_target_group",
      "name": "utc_target_group",
      "provider": "provider[\"registry.terraform.io/hashicorp/aws\"]",
      "instances": [
        {
          "schema_version": 0,
          "attributes": {
            "arn": "arn:aws:elasticloadbalancing:us-east-2:076757543616:targetgroup/utc-target-group/6bc9bf4a3c6cdcdb",
            "arn_suffix": "targetgroup/utc-target-group/6bc9bf4a3c6cdcdb",
            "connection_termination": false,
            "deregistration_delay": "300",
            "health_check": [
              {
                "enabled": true,
                "healthy_threshold": 5,
                "interval": 30,
                "matcher": "200",
                "path": "/",
                "port": "traffic-port",
                "protocol": "HTTP",
                "timeout": 5,
                "unhealthy_threshold": 2
              }
            ],
            "id": "arn:aws:elasticloadbalancing:us-east-2:076757543616:targetgroup/utc-target-group/6bc9bf4a3c6cdcdb",
            "ip_address_type": "ipv4",
            "lambda_multi_value_headers_enabled": false,
            "load_balancing_algorithm_type": "round_robin",
            "name": "utc-target-group",
            "name_prefix": null,
            "port": 80,
            "preserve_client_ip": null,
            "protocol": "HTTP",
            "protocol_version": "HTTP1",
            "proxy_protocol_v2": false,
            "slow_start": 0,
            "stickiness": [
              {
                "cookie_duration": 86400,
                "cookie_name": "",
                "enabled": false,
                "type": "lb_cookie"
              }
            ],
            "tags": {
              "env": "dev",
              "team": "config management"
            },
            "tags_all": {
              "env": "dev",
              "team": "config management"
            },
            "target_failover": [
              {
                "on_deregistration": null,
                "on_unhealthy": null
              }
            ],
            "target_type": "instance",
            "vpc_id": "vpc-02829cac5a3fb6687"
          },
          "sensitive_attributes": [],
          "private": "bnVsbA==",
          "dependencies": [
            "aws_vpc.utc_vpc"
          ]
        }
      ]
    },
    {
      "mode": "managed",
      "type": "aws_nat_gateway",
      "name": "nat_gw_1a",
      "provider": "provider[\"registry.terraform.io/hashicorp/aws\"]",
      "instances": [
        {
          "schema_version": 0,
          "attributes": {
            "allocation_id": "eipalloc-06a8b13f640c3e16f",
            "connectivity_type": "public",
            "id": "nat-0c499ca7b01d6f5fd",
            "network_interface_id": "eni-0c76adbd4c7fd80a2",
            "private_ip": "10.10.151.207",
            "public_ip": "3.129.172.232",
            "subnet_id": "subnet-0a39beffdfd6aa89d",
            "tags": {
              "Name": "us-east-2a_nat_gw"
            },
            "tags_all": {
              "Name": "us-east-2a_nat_gw"
            }
          },
          "sensitive_attributes": [],
          "private": "bnVsbA==",
          "dependencies": [
            "aws_eip.eip_1",
            "aws_internet_gateway.igw",
            "aws_subnet.public_subnet_1a",
            "aws_vpc.utc_vpc"
          ]
        }
      ]
    },
    {
      "mode": "managed",
      "type": "aws_nat_gateway",
      "name": "nat_gw_1b",
      "provider": "provider[\"registry.terraform.io/hashicorp/aws\"]",
      "instances": [
        {
          "schema_version": 0,
          "attributes": {
            "allocation_id": "eipalloc-0f091e8e7541976f8",
            "connectivity_type": "public",
            "id": "nat-08e8d13f2923cec82",
            "network_interface_id": "eni-0866c21e9eaf19874",
            "private_ip": "10.10.152.247",
            "public_ip": "3.15.113.14",
            "subnet_id": "subnet-08c42bd1cb4b217fc",
            "tags": {
              "Name": "us-east-2b_nat_gw"
            },
            "tags_all": {
              "Name": "us-east-2b_nat_gw"
            }
          },
          "sensitive_attributes": [],
          "private": "bnVsbA==",
          "dependencies": [
            "aws_eip.eip_2",
            "aws_internet_gateway.igw",
            "aws_subnet.public_subnet_1b",
            "aws_vpc.utc_vpc"
          ]
        }
      ]
    },
    {
      "mode": "managed",
      "type": "aws_route_table",
      "name": "private_1",
      "provider": "provider[\"registry.terraform.io/hashicorp/aws\"]",
      "instances": [
        {
          "schema_version": 0,
          "attributes": {
            "arn": "arn:aws:ec2:us-east-2:076757543616:route-table/rtb-0a599bf8405ffdb79",
            "id": "rtb-0a599bf8405ffdb79",
            "owner_id": "076757543616",
            "propagating_vgws": [],
            "route": [
              {
                "carrier_gateway_id": "",
                "cidr_block": "0.0.0.0/0",
                "core_network_arn": "",
                "destination_prefix_list_id": "",
                "egress_only_gateway_id": "",
                "gateway_id": "nat-0c499ca7b01d6f5fd",
                "instance_id": "",
                "ipv6_cidr_block": "",
                "local_gateway_id": "",
                "nat_gateway_id": "",
                "network_interface_id": "",
                "transit_gateway_id": "",
                "vpc_endpoint_id": "",
                "vpc_peering_connection_id": ""
              }
            ],
            "tags": {
              "Name": "utc_vpc_private_1"
            },
            "tags_all": {
              "Name": "utc_vpc_private_1"
            },
            "timeouts": null,
            "vpc_id": "vpc-02829cac5a3fb6687"
          },
          "sensitive_attributes": [],
          "private": "eyJlMmJmYjczMC1lY2FhLTExZTYtOGY4OC0zNDM2M2JjN2M0YzAiOnsiY3JlYXRlIjozMDAwMDAwMDAwMDAsImRlbGV0ZSI6MzAwMDAwMDAwMDAwLCJ1cGRhdGUiOjEyMDAwMDAwMDAwMH19",
          "dependencies": [
            "aws_nat_gateway.nat_gw_1a",
            "aws_vpc.utc_vpc"
          ]
        }
      ]
    },
    {
      "mode": "managed",
      "type": "aws_route_table",
      "name": "private_2",
      "provider": "provider[\"registry.terraform.io/hashicorp/aws\"]",
      "instances": [
        {
          "schema_version": 0,
          "attributes": {
            "arn": "arn:aws:ec2:us-east-2:076757543616:route-table/rtb-09d6f18a891a77065",
            "id": "rtb-09d6f18a891a77065",
            "owner_id": "076757543616",
            "propagating_vgws": [],
            "route": [
              {
                "carrier_gateway_id": "",
                "cidr_block": "0.0.0.0/0",
                "core_network_arn": "",
                "destination_prefix_list_id": "",
                "egress_only_gateway_id": "",
                "gateway_id": "nat-08e8d13f2923cec82",
                "instance_id": "",
                "ipv6_cidr_block": "",
                "local_gateway_id": "",
                "nat_gateway_id": "",
                "network_interface_id": "",
                "transit_gateway_id": "",
                "vpc_endpoint_id": "",
                "vpc_peering_connection_id": ""
              }
            ],
            "tags": {
              "Name": "utc_vpc_private_2"
            },
            "tags_all": {
              "Name": "utc_vpc_private_2"
            },
            "timeouts": null,
            "vpc_id": "vpc-02829cac5a3fb6687"
          },
          "sensitive_attributes": [],
          "private": "eyJlMmJmYjczMC1lY2FhLTExZTYtOGY4OC0zNDM2M2JjN2M0YzAiOnsiY3JlYXRlIjozMDAwMDAwMDAwMDAsImRlbGV0ZSI6MzAwMDAwMDAwMDAwLCJ1cGRhdGUiOjEyMDAwMDAwMDAwMH19",
          "dependencies": [
            "aws_nat_gateway.nat_gw_1b",
            "aws_vpc.utc_vpc"
          ]
        }
      ]
    },
    {
      "mode": "managed",
      "type": "aws_route_table",
      "name": "public",
      "provider": "provider[\"registry.terraform.io/hashicorp/aws\"]",
      "instances": [
        {
          "schema_version": 0,
          "attributes": {
            "arn": "arn:aws:ec2:us-east-2:076757543616:route-table/rtb-0db03e7fed5faa54a",
            "id": "rtb-0db03e7fed5faa54a",
            "owner_id": "076757543616",
            "propagating_vgws": [],
            "route": [
              {
                "carrier_gateway_id": "",
                "cidr_block": "0.0.0.0/0",
                "core_network_arn": "",
                "destination_prefix_list_id": "",
                "egress_only_gateway_id": "",
                "gateway_id": "igw-015057d42b4810162",
                "instance_id": "",
                "ipv6_cidr_block": "",
                "local_gateway_id": "",
                "nat_gateway_id": "",
                "network_interface_id": "",
                "transit_gateway_id": "",
                "vpc_endpoint_id": "",
                "vpc_peering_connection_id": ""
              }
            ],
            "tags": {
              "Name": "utc_vpc_public"
            },
            "tags_all": {
              "Name": "utc_vpc_public"
            },
            "timeouts": null,
            "vpc_id": "vpc-02829cac5a3fb6687"
          },
          "sensitive_attributes": [],
          "private": "eyJlMmJmYjczMC1lY2FhLTExZTYtOGY4OC0zNDM2M2JjN2M0YzAiOnsiY3JlYXRlIjozMDAwMDAwMDAwMDAsImRlbGV0ZSI6MzAwMDAwMDAwMDAwLCJ1cGRhdGUiOjEyMDAwMDAwMDAwMH19",
          "dependencies": [
            "aws_internet_gateway.igw",
            "aws_vpc.utc_vpc"
          ]
        }
      ]
    },
    {
      "mode": "managed",
      "type": "aws_route_table_association",
      "name": "privsn_1a_0",
      "provider": "provider[\"registry.terraform.io/hashicorp/aws\"]",
      "instances": [
        {
          "schema_version": 0,
          "attributes": {
            "gateway_id": "",
            "id": "rtbassoc-00ece4e44c2dd0faa",
            "route_table_id": "rtb-0a599bf8405ffdb79",
            "subnet_id": "subnet-0b69b2f0727cd28ca"
          },
          "sensitive_attributes": [],
          "private": "bnVsbA==",
          "dependencies": [
            "aws_eip.eip_1",
            "aws_internet_gateway.igw",
            "aws_nat_gateway.nat_gw_1a",
            "aws_route_table.private_1",
            "aws_subnet.private_subnet_1a_0",
            "aws_subnet.public_subnet_1a",
            "aws_vpc.utc_vpc"
          ]
        }
      ]
    },
    {
      "mode": "managed",
      "type": "aws_route_table_association",
      "name": "privsn_1a_1",
      "provider": "provider[\"registry.terraform.io/hashicorp/aws\"]",
      "instances": [
        {
          "schema_version": 0,
          "attributes": {
            "gateway_id": "",
            "id": "rtbassoc-04ddd5d3567fb5ba1",
            "route_table_id": "rtb-0a599bf8405ffdb79",
            "subnet_id": "subnet-0b8a7f3761afa843f"
          },
          "sensitive_attributes": [],
          "private": "bnVsbA==",
          "dependencies": [
            "aws_eip.eip_1",
            "aws_internet_gateway.igw",
            "aws_nat_gateway.nat_gw_1a",
            "aws_route_table.private_1",
            "aws_subnet.private_subnet_1a_1",
            "aws_subnet.public_subnet_1a",
            "aws_vpc.utc_vpc"
          ]
        }
      ]
    },
    {
      "mode": "managed",
      "type": "aws_route_table_association",
      "name": "privsn_1b_0",
      "provider": "provider[\"registry.terraform.io/hashicorp/aws\"]",
      "instances": [
        {
          "schema_version": 0,
          "attributes": {
            "gateway_id": "",
            "id": "rtbassoc-04b8237ed100b4af5",
            "route_table_id": "rtb-09d6f18a891a77065",
            "subnet_id": "subnet-03ff7b7a1f8052a6f"
          },
          "sensitive_attributes": [],
          "private": "bnVsbA==",
          "dependencies": [
            "aws_eip.eip_2",
            "aws_internet_gateway.igw",
            "aws_nat_gateway.nat_gw_1b",
            "aws_route_table.private_2",
            "aws_subnet.private_subnet_1b_0",
            "aws_subnet.public_subnet_1b",
            "aws_vpc.utc_vpc"
          ]
        }
      ]
    },
    {
      "mode": "managed",
      "type": "aws_route_table_association",
      "name": "privsn_1b_1",
      "provider": "provider[\"registry.terraform.io/hashicorp/aws\"]",
      "instances": [
        {
          "schema_version": 0,
          "attributes": {
            "gateway_id": "",
            "id": "rtbassoc-06912da5f336dbeb1",
            "route_table_id": "rtb-09d6f18a891a77065",
            "subnet_id": "subnet-0640eb0f5ab06a713"
          },
          "sensitive_attributes": [],
          "private": "bnVsbA==",
          "dependencies": [
            "aws_eip.eip_2",
            "aws_internet_gateway.igw",
            "aws_nat_gateway.nat_gw_1b",
            "aws_route_table.private_2",
            "aws_subnet.private_subnet_1b_1",
            "aws_subnet.public_subnet_1b",
            "aws_vpc.utc_vpc"
          ]
        }
      ]
    },
    {
      "mode": "managed",
      "type": "aws_route_table_association",
      "name": "privsn_1c_0",
      "provider": "provider[\"registry.terraform.io/hashicorp/aws\"]",
      "instances": [
        {
          "schema_version": 0,
          "attributes": {
            "gateway_id": "",
            "id": "rtbassoc-0a24fef045acd22c0",
            "route_table_id": "rtb-0a599bf8405ffdb79",
            "subnet_id": "subnet-09c4bc9704d7612ec"
          },
          "sensitive_attributes": [],
          "private": "bnVsbA==",
          "dependencies": [
            "aws_eip.eip_1",
            "aws_internet_gateway.igw",
            "aws_nat_gateway.nat_gw_1a",
            "aws_route_table.private_1",
            "aws_subnet.private_subnet_1c_0",
            "aws_subnet.public_subnet_1a",
            "aws_vpc.utc_vpc"
          ]
        }
      ]
    },
    {
      "mode": "managed",
      "type": "aws_route_table_association",
      "name": "privsn_1c_1",
      "provider": "provider[\"registry.terraform.io/hashicorp/aws\"]",
      "instances": [
        {
          "schema_version": 0,
          "attributes": {
            "gateway_id": "",
            "id": "rtbassoc-04a670cd31b6527a7",
            "route_table_id": "rtb-09d6f18a891a77065",
            "subnet_id": "subnet-0cf26f0508e1b8cb5"
          },
          "sensitive_attributes": [],
          "private": "bnVsbA==",
          "dependencies": [
            "aws_eip.eip_2",
            "aws_internet_gateway.igw",
            "aws_nat_gateway.nat_gw_1b",
            "aws_route_table.private_2",
            "aws_subnet.private_subnet_1c_1",
            "aws_subnet.public_subnet_1b",
            "aws_vpc.utc_vpc"
          ]
        }
      ]
    },
    {
      "mode": "managed",
      "type": "aws_route_table_association",
      "name": "pubsn_1a",
      "provider": "provider[\"registry.terraform.io/hashicorp/aws\"]",
      "instances": [
        {
          "schema_version": 0,
          "attributes": {
            "gateway_id": "",
            "id": "rtbassoc-077c938f5b08c5eac",
            "route_table_id": "rtb-0db03e7fed5faa54a",
            "subnet_id": "subnet-0a39beffdfd6aa89d"
          },
          "sensitive_attributes": [],
          "private": "bnVsbA==",
          "dependencies": [
            "aws_internet_gateway.igw",
            "aws_route_table.public",
            "aws_subnet.public_subnet_1a",
            "aws_vpc.utc_vpc"
          ]
        }
      ]
    },
    {
      "mode": "managed",
      "type": "aws_route_table_association",
      "name": "pubsn_1b",
      "provider": "provider[\"registry.terraform.io/hashicorp/aws\"]",
      "instances": [
        {
          "schema_version": 0,
          "attributes": {
            "gateway_id": "",
            "id": "rtbassoc-064fb2da260e16fb9",
            "route_table_id": "rtb-0db03e7fed5faa54a",
            "subnet_id": "subnet-08c42bd1cb4b217fc"
          },
          "sensitive_attributes": [],
          "private": "bnVsbA==",
          "dependencies": [
            "aws_internet_gateway.igw",
            "aws_route_table.public",
            "aws_subnet.public_subnet_1b",
            "aws_vpc.utc_vpc"
          ]
        }
      ]
    },
    {
      "mode": "managed",
      "type": "aws_route_table_association",
      "name": "pubsn_1c",
      "provider": "provider[\"registry.terraform.io/hashicorp/aws\"]",
      "instances": [
        {
          "schema_version": 0,
          "attributes": {
            "gateway_id": "",
            "id": "rtbassoc-0de8826a0f53b165e",
            "route_table_id": "rtb-0db03e7fed5faa54a",
            "subnet_id": "subnet-0140caafa4ada0af8"
          },
          "sensitive_attributes": [],
          "private": "bnVsbA==",
          "dependencies": [
            "aws_internet_gateway.igw",
            "aws_route_table.public",
            "aws_subnet.public_subnet_1c",
            "aws_vpc.utc_vpc"
          ]
        }
      ]
    },
    {
      "mode": "managed",
      "type": "aws_security_group",
      "name": "alb_sg",
      "provider": "provider[\"registry.terraform.io/hashicorp/aws\"]",
      "instances": [
        {
          "schema_version": 1,
          "attributes": {
            "arn": "arn:aws:ec2:us-east-2:076757543616:security-group/sg-0ef9a877f9befa7c3",
            "description": "Allow inbound from everywhere to port 80 and 443, and all outbound",
            "egress": [
              {
                "cidr_blocks": [
                  "0.0.0.0/0"
                ],
                "description": "",
                "from_port": 0,
                "ipv6_cidr_blocks": [],
                "prefix_list_ids": [],
                "protocol": "-1",
                "security_groups": [],
                "self": false,
                "to_port": 0
              }
            ],
            "id": "sg-0ef9a877f9befa7c3",
            "ingress": [
              {
                "cidr_blocks": [
                  "0.0.0.0/0"
                ],
                "description": "inbound HTTP",
                "from_port": 80,
                "ipv6_cidr_blocks": [],
                "prefix_list_ids": [],
                "protocol": "tcp",
                "security_groups": [],
                "self": false,
                "to_port": 80
              },
              {
                "cidr_blocks": [
                  "0.0.0.0/0"
                ],
                "description": "inbound HTTPS",
                "from_port": 443,
                "ipv6_cidr_blocks": [],
                "prefix_list_ids": [],
                "protocol": "tcp",
                "security_groups": [],
                "self": false,
                "to_port": 443
              }
            ],
            "name": "alb_sg",
            "name_prefix": "",
            "owner_id": "076757543616",
            "revoke_rules_on_delete": false,
            "tags": {
              "env": "dev",
              "team": "config management"
            },
            "tags_all": {
              "env": "dev",
              "team": "config management"
            },
            "timeouts": null,
            "vpc_id": "vpc-02829cac5a3fb6687"
          },
          "sensitive_attributes": [],
          "private": "eyJlMmJmYjczMC1lY2FhLTExZTYtOGY4OC0zNDM2M2JjN2M0YzAiOnsiY3JlYXRlIjo2MDAwMDAwMDAwMDAsImRlbGV0ZSI6OTAwMDAwMDAwMDAwfSwic2NoZW1hX3ZlcnNpb24iOiIxIn0=",
          "dependencies": [
            "aws_vpc.utc_vpc"
          ]
        }
      ]
    },
    {
      "mode": "managed",
      "type": "aws_security_group",
      "name": "app_server_sg",
      "provider": "provider[\"registry.terraform.io/hashicorp/aws\"]",
      "instances": [
        {
          "schema_version": 1,
          "attributes": {
            "arn": "arn:aws:ec2:us-east-2:076757543616:security-group/sg-07a9b5bb143359c15",
            "description": "Allow inbound from from alb_sg to port 80",
            "egress": [
              {
                "cidr_blocks": [
                  "0.0.0.0/0"
                ],
                "description": "",
                "from_port": 0,
                "ipv6_cidr_blocks": [],
                "prefix_list_ids": [],
                "protocol": "-1",
                "security_groups": [],
                "self": false,
                "to_port": 0
              }
            ],
            "id": "sg-07a9b5bb143359c15",
            "ingress": [
              {
                "cidr_blocks": [],
                "description": "alb_sg to 80 http",
                "from_port": 80,
                "ipv6_cidr_blocks": [],
                "prefix_list_ids": [],
                "protocol": "tcp",
                "security_groups": [
                  "sg-0ef9a877f9befa7c3"
                ],
                "self": false,
                "to_port": 80
              },
              {
                "cidr_blocks": [],
                "description": "bastion_host_sg to 22 ssh",
                "from_port": 22,
                "ipv6_cidr_blocks": [],
                "prefix_list_ids": [],
                "protocol": "tcp",
                "security_groups": [
                  "sg-00b366756246eaaa6"
                ],
                "self": false,
                "to_port": 22
              }
            ],
            "name": "app_server_sg",
            "name_prefix": "",
            "owner_id": "076757543616",
            "revoke_rules_on_delete": false,
            "tags": {
              "env": "dev",
              "team": "config management"
            },
            "tags_all": {
              "env": "dev",
              "team": "config management"
            },
            "timeouts": null,
            "vpc_id": "vpc-02829cac5a3fb6687"
          },
          "sensitive_attributes": [],
          "private": "eyJlMmJmYjczMC1lY2FhLTExZTYtOGY4OC0zNDM2M2JjN2M0YzAiOnsiY3JlYXRlIjo2MDAwMDAwMDAwMDAsImRlbGV0ZSI6OTAwMDAwMDAwMDAwfSwic2NoZW1hX3ZlcnNpb24iOiIxIn0=",
          "dependencies": [
            "aws_security_group.alb_sg",
            "aws_security_group.bastion_host_sg",
            "aws_vpc.utc_vpc"
          ]
        }
      ]
    },
    {
      "mode": "managed",
      "type": "aws_security_group",
      "name": "bastion_host_sg",
      "provider": "provider[\"registry.terraform.io/hashicorp/aws\"]",
      "instances": [
        {
          "schema_version": 1,
          "attributes": {
            "arn": "arn:aws:ec2:us-east-2:076757543616:security-group/sg-00b366756246eaaa6",
            "description": "Allow inbound from my IP to port 22, and all outbound",
            "egress": [
              {
                "cidr_blocks": [
                  "0.0.0.0/0"
                ],
                "description": "",
                "from_port": 0,
                "ipv6_cidr_blocks": [],
                "prefix_list_ids": [],
                "protocol": "-1",
                "security_groups": [],
                "self": false,
                "to_port": 0
              }
            ],
            "id": "sg-00b366756246eaaa6",
            "ingress": [
              {
                "cidr_blocks": [
                  "174.173.62.231/32"
                ],
                "description": "localhost to ssh 22",
                "from_port": 22,
                "ipv6_cidr_blocks": [],
                "prefix_list_ids": [],
                "protocol": "tcp",
                "security_groups": [],
                "self": false,
                "to_port": 22
              }
            ],
            "name": "bastion_host_sg",
            "name_prefix": "",
            "owner_id": "076757543616",
            "revoke_rules_on_delete": false,
            "tags": {
              "env": "dev",
              "team": "config management"
            },
            "tags_all": {
              "env": "dev",
              "team": "config management"
            },
            "timeouts": null,
            "vpc_id": "vpc-02829cac5a3fb6687"
          },
          "sensitive_attributes": [],
          "private": "eyJlMmJmYjczMC1lY2FhLTExZTYtOGY4OC0zNDM2M2JjN2M0YzAiOnsiY3JlYXRlIjo2MDAwMDAwMDAwMDAsImRlbGV0ZSI6OTAwMDAwMDAwMDAwfSwic2NoZW1hX3ZlcnNpb24iOiIxIn0=",
          "dependencies": [
            "aws_vpc.utc_vpc"
          ]
        }
      ]
    },
    {
      "mode": "managed",
      "type": "aws_security_group",
      "name": "database_sg",
      "provider": "provider[\"registry.terraform.io/hashicorp/aws\"]",
      "instances": [
        {
          "schema_version": 1,
          "attributes": {
            "arn": "arn:aws:ec2:us-east-2:076757543616:security-group/sg-0ab872be0cf2d94b7",
            "description": "Allow inbound from app_server_sg to 3306 mysql",
            "egress": [
              {
                "cidr_blocks": [
                  "0.0.0.0/0"
                ],
                "description": "",
                "from_port": 0,
                "ipv6_cidr_blocks": [],
                "prefix_list_ids": [],
                "protocol": "-1",
                "security_groups": [],
                "self": false,
                "to_port": 0
              }
            ],
            "id": "sg-0ab872be0cf2d94b7",
            "ingress": [
              {
                "cidr_blocks": [],
                "description": "app_server_sg to 3306 mysql",
                "from_port": 3306,
                "ipv6_cidr_blocks": [],
                "prefix_list_ids": [],
                "protocol": "tcp",
                "security_groups": [
                  "sg-07a9b5bb143359c15"
                ],
                "self": false,
                "to_port": 3306
              }
            ],
            "name": "database_sg",
            "name_prefix": "",
            "owner_id": "076757543616",
            "revoke_rules_on_delete": false,
            "tags": {
              "env": "dev",
              "team": "config management"
            },
            "tags_all": {
              "env": "dev",
              "team": "config management"
            },
            "timeouts": null,
            "vpc_id": "vpc-02829cac5a3fb6687"
          },
          "sensitive_attributes": [],
          "private": "eyJlMmJmYjczMC1lY2FhLTExZTYtOGY4OC0zNDM2M2JjN2M0YzAiOnsiY3JlYXRlIjo2MDAwMDAwMDAwMDAsImRlbGV0ZSI6OTAwMDAwMDAwMDAwfSwic2NoZW1hX3ZlcnNpb24iOiIxIn0=",
          "dependencies": [
            "aws_security_group.alb_sg",
            "aws_security_group.app_server_sg",
            "aws_security_group.bastion_host_sg",
            "aws_vpc.utc_vpc"
          ]
        }
      ]
    },
    {
      "mode": "managed",
      "type": "aws_subnet",
      "name": "private_subnet_1a_0",
      "provider": "provider[\"registry.terraform.io/hashicorp/aws\"]",
      "instances": [
        {
          "schema_version": 1,
          "attributes": {
            "arn": "arn:aws:ec2:us-east-2:076757543616:subnet/subnet-0b69b2f0727cd28ca",
            "assign_ipv6_address_on_creation": false,
            "availability_zone": "us-east-2a",
            "availability_zone_id": "use2-az1",
            "cidr_block": "10.10.1.0/24",
            "customer_owned_ipv4_pool": "",
            "enable_dns64": false,
            "enable_resource_name_dns_a_record_on_launch": false,
            "enable_resource_name_dns_aaaa_record_on_launch": false,
            "id": "subnet-0b69b2f0727cd28ca",
            "ipv6_cidr_block": "",
            "ipv6_cidr_block_association_id": "",
            "ipv6_native": false,
            "map_customer_owned_ip_on_launch": false,
            "map_public_ip_on_launch": false,
            "outpost_arn": "",
            "owner_id": "076757543616",
            "private_dns_hostname_type_on_launch": "ip-name",
            "tags": {
              "Name": "utc_vpc_private_subnet_1a_0"
            },
            "tags_all": {
              "Name": "utc_vpc_private_subnet_1a_0"
            },
            "timeouts": null,
            "vpc_id": "vpc-02829cac5a3fb6687"
          },
          "sensitive_attributes": [],
          "private": "eyJlMmJmYjczMC1lY2FhLTExZTYtOGY4OC0zNDM2M2JjN2M0YzAiOnsiY3JlYXRlIjo2MDAwMDAwMDAwMDAsImRlbGV0ZSI6MTIwMDAwMDAwMDAwMH0sInNjaGVtYV92ZXJzaW9uIjoiMSJ9",
          "dependencies": [
            "aws_vpc.utc_vpc"
          ]
        }
      ]
    },
    {
      "mode": "managed",
      "type": "aws_subnet",
      "name": "private_subnet_1a_1",
      "provider": "provider[\"registry.terraform.io/hashicorp/aws\"]",
      "instances": [
        {
          "schema_version": 1,
          "attributes": {
            "arn": "arn:aws:ec2:us-east-2:076757543616:subnet/subnet-0b8a7f3761afa843f",
            "assign_ipv6_address_on_creation": false,
            "availability_zone": "us-east-2a",
            "availability_zone_id": "use2-az1",
            "cidr_block": "10.10.2.0/24",
            "customer_owned_ipv4_pool": "",
            "enable_dns64": false,
            "enable_resource_name_dns_a_record_on_launch": false,
            "enable_resource_name_dns_aaaa_record_on_launch": false,
            "id": "subnet-0b8a7f3761afa843f",
            "ipv6_cidr_block": "",
            "ipv6_cidr_block_association_id": "",
            "ipv6_native": false,
            "map_customer_owned_ip_on_launch": false,
            "map_public_ip_on_launch": false,
            "outpost_arn": "",
            "owner_id": "076757543616",
            "private_dns_hostname_type_on_launch": "ip-name",
            "tags": {
              "Name": "utc_vpc_private_subnet_1a_1"
            },
            "tags_all": {
              "Name": "utc_vpc_private_subnet_1a_1"
            },
            "timeouts": null,
            "vpc_id": "vpc-02829cac5a3fb6687"
          },
          "sensitive_attributes": [],
          "private": "eyJlMmJmYjczMC1lY2FhLTExZTYtOGY4OC0zNDM2M2JjN2M0YzAiOnsiY3JlYXRlIjo2MDAwMDAwMDAwMDAsImRlbGV0ZSI6MTIwMDAwMDAwMDAwMH0sInNjaGVtYV92ZXJzaW9uIjoiMSJ9",
          "dependencies": [
            "aws_vpc.utc_vpc"
          ]
        }
      ]
    },
    {
      "mode": "managed",
      "type": "aws_subnet",
      "name": "private_subnet_1b_0",
      "provider": "provider[\"registry.terraform.io/hashicorp/aws\"]",
      "instances": [
        {
          "schema_version": 1,
          "attributes": {
            "arn": "arn:aws:ec2:us-east-2:076757543616:subnet/subnet-03ff7b7a1f8052a6f",
            "assign_ipv6_address_on_creation": false,
            "availability_zone": "us-east-2b",
            "availability_zone_id": "use2-az2",
            "cidr_block": "10.10.3.0/24",
            "customer_owned_ipv4_pool": "",
            "enable_dns64": false,
            "enable_resource_name_dns_a_record_on_launch": false,
            "enable_resource_name_dns_aaaa_record_on_launch": false,
            "id": "subnet-03ff7b7a1f8052a6f",
            "ipv6_cidr_block": "",
            "ipv6_cidr_block_association_id": "",
            "ipv6_native": false,
            "map_customer_owned_ip_on_launch": false,
            "map_public_ip_on_launch": false,
            "outpost_arn": "",
            "owner_id": "076757543616",
            "private_dns_hostname_type_on_launch": "ip-name",
            "tags": {
              "Name": "utc_vpc_private_subnet_1b_0"
            },
            "tags_all": {
              "Name": "utc_vpc_private_subnet_1b_0"
            },
            "timeouts": null,
            "vpc_id": "vpc-02829cac5a3fb6687"
          },
          "sensitive_attributes": [],
          "private": "eyJlMmJmYjczMC1lY2FhLTExZTYtOGY4OC0zNDM2M2JjN2M0YzAiOnsiY3JlYXRlIjo2MDAwMDAwMDAwMDAsImRlbGV0ZSI6MTIwMDAwMDAwMDAwMH0sInNjaGVtYV92ZXJzaW9uIjoiMSJ9",
          "dependencies": [
            "aws_vpc.utc_vpc"
          ]
        }
      ]
    },
    {
      "mode": "managed",
      "type": "aws_subnet",
      "name": "private_subnet_1b_1",
      "provider": "provider[\"registry.terraform.io/hashicorp/aws\"]",
      "instances": [
        {
          "schema_version": 1,
          "attributes": {
            "arn": "arn:aws:ec2:us-east-2:076757543616:subnet/subnet-0640eb0f5ab06a713",
            "assign_ipv6_address_on_creation": false,
            "availability_zone": "us-east-2b",
            "availability_zone_id": "use2-az2",
            "cidr_block": "10.10.4.0/24",
            "customer_owned_ipv4_pool": "",
            "enable_dns64": false,
            "enable_resource_name_dns_a_record_on_launch": false,
            "enable_resource_name_dns_aaaa_record_on_launch": false,
            "id": "subnet-0640eb0f5ab06a713",
            "ipv6_cidr_block": "",
            "ipv6_cidr_block_association_id": "",
            "ipv6_native": false,
            "map_customer_owned_ip_on_launch": false,
            "map_public_ip_on_launch": false,
            "outpost_arn": "",
            "owner_id": "076757543616",
            "private_dns_hostname_type_on_launch": "ip-name",
            "tags": {
              "Name": "utc_vpc_private_subnet_1b_1"
            },
            "tags_all": {
              "Name": "utc_vpc_private_subnet_1b_1"
            },
            "timeouts": null,
            "vpc_id": "vpc-02829cac5a3fb6687"
          },
          "sensitive_attributes": [],
          "private": "eyJlMmJmYjczMC1lY2FhLTExZTYtOGY4OC0zNDM2M2JjN2M0YzAiOnsiY3JlYXRlIjo2MDAwMDAwMDAwMDAsImRlbGV0ZSI6MTIwMDAwMDAwMDAwMH0sInNjaGVtYV92ZXJzaW9uIjoiMSJ9",
          "dependencies": [
            "aws_vpc.utc_vpc"
          ]
        }
      ]
    },
    {
      "mode": "managed",
      "type": "aws_subnet",
      "name": "private_subnet_1c_0",
      "provider": "provider[\"registry.terraform.io/hashicorp/aws\"]",
      "instances": [
        {
          "schema_version": 1,
          "attributes": {
            "arn": "arn:aws:ec2:us-east-2:076757543616:subnet/subnet-09c4bc9704d7612ec",
            "assign_ipv6_address_on_creation": false,
            "availability_zone": "us-east-2c",
            "availability_zone_id": "use2-az3",
            "cidr_block": "10.10.5.0/24",
            "customer_owned_ipv4_pool": "",
            "enable_dns64": false,
            "enable_resource_name_dns_a_record_on_launch": false,
            "enable_resource_name_dns_aaaa_record_on_launch": false,
            "id": "subnet-09c4bc9704d7612ec",
            "ipv6_cidr_block": "",
            "ipv6_cidr_block_association_id": "",
            "ipv6_native": false,
            "map_customer_owned_ip_on_launch": false,
            "map_public_ip_on_launch": false,
            "outpost_arn": "",
            "owner_id": "076757543616",
            "private_dns_hostname_type_on_launch": "ip-name",
            "tags": {
              "Name": "utc_vpc_private_subnet_1c_0"
            },
            "tags_all": {
              "Name": "utc_vpc_private_subnet_1c_0"
            },
            "timeouts": null,
            "vpc_id": "vpc-02829cac5a3fb6687"
          },
          "sensitive_attributes": [],
          "private": "eyJlMmJmYjczMC1lY2FhLTExZTYtOGY4OC0zNDM2M2JjN2M0YzAiOnsiY3JlYXRlIjo2MDAwMDAwMDAwMDAsImRlbGV0ZSI6MTIwMDAwMDAwMDAwMH0sInNjaGVtYV92ZXJzaW9uIjoiMSJ9",
          "dependencies": [
            "aws_vpc.utc_vpc"
          ]
        }
      ]
    },
    {
      "mode": "managed",
      "type": "aws_subnet",
      "name": "private_subnet_1c_1",
      "provider": "provider[\"registry.terraform.io/hashicorp/aws\"]",
      "instances": [
        {
          "schema_version": 1,
          "attributes": {
            "arn": "arn:aws:ec2:us-east-2:076757543616:subnet/subnet-0cf26f0508e1b8cb5",
            "assign_ipv6_address_on_creation": false,
            "availability_zone": "us-east-2c",
            "availability_zone_id": "use2-az3",
            "cidr_block": "10.10.6.0/24",
            "customer_owned_ipv4_pool": "",
            "enable_dns64": false,
            "enable_resource_name_dns_a_record_on_launch": false,
            "enable_resource_name_dns_aaaa_record_on_launch": false,
            "id": "subnet-0cf26f0508e1b8cb5",
            "ipv6_cidr_block": "",
            "ipv6_cidr_block_association_id": "",
            "ipv6_native": false,
            "map_customer_owned_ip_on_launch": false,
            "map_public_ip_on_launch": false,
            "outpost_arn": "",
            "owner_id": "076757543616",
            "private_dns_hostname_type_on_launch": "ip-name",
            "tags": {
              "Name": "utc_vpc_private_subnet_1c_1"
            },
            "tags_all": {
              "Name": "utc_vpc_private_subnet_1c_1"
            },
            "timeouts": null,
            "vpc_id": "vpc-02829cac5a3fb6687"
          },
          "sensitive_attributes": [],
          "private": "eyJlMmJmYjczMC1lY2FhLTExZTYtOGY4OC0zNDM2M2JjN2M0YzAiOnsiY3JlYXRlIjo2MDAwMDAwMDAwMDAsImRlbGV0ZSI6MTIwMDAwMDAwMDAwMH0sInNjaGVtYV92ZXJzaW9uIjoiMSJ9",
          "dependencies": [
            "aws_vpc.utc_vpc"
          ]
        }
      ]
    },
    {
      "mode": "managed",
      "type": "aws_subnet",
      "name": "public_subnet_1a",
      "provider": "provider[\"registry.terraform.io/hashicorp/aws\"]",
      "instances": [
        {
          "schema_version": 1,
          "attributes": {
            "arn": "arn:aws:ec2:us-east-2:076757543616:subnet/subnet-0a39beffdfd6aa89d",
            "assign_ipv6_address_on_creation": false,
            "availability_zone": "us-east-2a",
            "availability_zone_id": "use2-az1",
            "cidr_block": "10.10.151.0/24",
            "customer_owned_ipv4_pool": "",
            "enable_dns64": false,
            "enable_resource_name_dns_a_record_on_launch": false,
            "enable_resource_name_dns_aaaa_record_on_launch": false,
            "id": "subnet-0a39beffdfd6aa89d",
            "ipv6_cidr_block": "",
            "ipv6_cidr_block_association_id": "",
            "ipv6_native": false,
            "map_customer_owned_ip_on_launch": false,
            "map_public_ip_on_launch": false,
            "outpost_arn": "",
            "owner_id": "076757543616",
            "private_dns_hostname_type_on_launch": "ip-name",
            "tags": {
              "Name": "utc_vpc_public_subnet_1a"
            },
            "tags_all": {
              "Name": "utc_vpc_public_subnet_1a"
            },
            "timeouts": null,
            "vpc_id": "vpc-02829cac5a3fb6687"
          },
          "sensitive_attributes": [],
          "private": "eyJlMmJmYjczMC1lY2FhLTExZTYtOGY4OC0zNDM2M2JjN2M0YzAiOnsiY3JlYXRlIjo2MDAwMDAwMDAwMDAsImRlbGV0ZSI6MTIwMDAwMDAwMDAwMH0sInNjaGVtYV92ZXJzaW9uIjoiMSJ9",
          "dependencies": [
            "aws_vpc.utc_vpc"
          ]
        }
      ]
    },
    {
      "mode": "managed",
      "type": "aws_subnet",
      "name": "public_subnet_1b",
      "provider": "provider[\"registry.terraform.io/hashicorp/aws\"]",
      "instances": [
        {
          "schema_version": 1,
          "attributes": {
            "arn": "arn:aws:ec2:us-east-2:076757543616:subnet/subnet-08c42bd1cb4b217fc",
            "assign_ipv6_address_on_creation": false,
            "availability_zone": "us-east-2b",
            "availability_zone_id": "use2-az2",
            "cidr_block": "10.10.152.0/24",
            "customer_owned_ipv4_pool": "",
            "enable_dns64": false,
            "enable_resource_name_dns_a_record_on_launch": false,
            "enable_resource_name_dns_aaaa_record_on_launch": false,
            "id": "subnet-08c42bd1cb4b217fc",
            "ipv6_cidr_block": "",
            "ipv6_cidr_block_association_id": "",
            "ipv6_native": false,
            "map_customer_owned_ip_on_launch": false,
            "map_public_ip_on_launch": false,
            "outpost_arn": "",
            "owner_id": "076757543616",
            "private_dns_hostname_type_on_launch": "ip-name",
            "tags": {
              "Name": "utc_vpc_public_subnet_1b"
            },
            "tags_all": {
              "Name": "utc_vpc_public_subnet_1b"
            },
            "timeouts": null,
            "vpc_id": "vpc-02829cac5a3fb6687"
          },
          "sensitive_attributes": [],
          "private": "eyJlMmJmYjczMC1lY2FhLTExZTYtOGY4OC0zNDM2M2JjN2M0YzAiOnsiY3JlYXRlIjo2MDAwMDAwMDAwMDAsImRlbGV0ZSI6MTIwMDAwMDAwMDAwMH0sInNjaGVtYV92ZXJzaW9uIjoiMSJ9",
          "dependencies": [
            "aws_vpc.utc_vpc"
          ]
        }
      ]
    },
    {
      "mode": "managed",
      "type": "aws_subnet",
      "name": "public_subnet_1c",
      "provider": "provider[\"registry.terraform.io/hashicorp/aws\"]",
      "instances": [
        {
          "schema_version": 1,
          "attributes": {
            "arn": "arn:aws:ec2:us-east-2:076757543616:subnet/subnet-0140caafa4ada0af8",
            "assign_ipv6_address_on_creation": false,
            "availability_zone": "us-east-2c",
            "availability_zone_id": "use2-az3",
            "cidr_block": "10.10.153.0/24",
            "customer_owned_ipv4_pool": "",
            "enable_dns64": false,
            "enable_resource_name_dns_a_record_on_launch": false,
            "enable_resource_name_dns_aaaa_record_on_launch": false,
            "id": "subnet-0140caafa4ada0af8",
            "ipv6_cidr_block": "",
            "ipv6_cidr_block_association_id": "",
            "ipv6_native": false,
            "map_customer_owned_ip_on_launch": false,
            "map_public_ip_on_launch": false,
            "outpost_arn": "",
            "owner_id": "076757543616",
            "private_dns_hostname_type_on_launch": "ip-name",
            "tags": {
              "Name": "utc_vpc_public_subnet_1c"
            },
            "tags_all": {
              "Name": "utc_vpc_public_subnet_1c"
            },
            "timeouts": null,
            "vpc_id": "vpc-02829cac5a3fb6687"
          },
          "sensitive_attributes": [],
          "private": "eyJlMmJmYjczMC1lY2FhLTExZTYtOGY4OC0zNDM2M2JjN2M0YzAiOnsiY3JlYXRlIjo2MDAwMDAwMDAwMDAsImRlbGV0ZSI6MTIwMDAwMDAwMDAwMH0sInNjaGVtYV92ZXJzaW9uIjoiMSJ9",
          "dependencies": [
            "aws_vpc.utc_vpc"
          ]
        }
      ]
    },
    {
      "mode": "managed",
      "type": "aws_vpc",
      "name": "utc_vpc",
      "provider": "provider[\"registry.terraform.io/hashicorp/aws\"]",
      "instances": [
        {
          "schema_version": 1,
          "attributes": {
            "arn": "arn:aws:ec2:us-east-2:076757543616:vpc/vpc-02829cac5a3fb6687",
            "assign_generated_ipv6_cidr_block": false,
            "cidr_block": "10.10.0.0/16",
            "default_network_acl_id": "acl-028a57a9f39ad1f82",
            "default_route_table_id": "rtb-0bceaf056574e1451",
            "default_security_group_id": "sg-0aede6fa7cfd71147",
            "dhcp_options_id": "dopt-0af7c3e50257acb1c",
            "enable_classiclink": false,
            "enable_classiclink_dns_support": false,
            "enable_dns_hostnames": false,
            "enable_dns_support": true,
            "enable_network_address_usage_metrics": false,
            "id": "vpc-02829cac5a3fb6687",
            "instance_tenancy": "default",
            "ipv4_ipam_pool_id": null,
            "ipv4_netmask_length": null,
            "ipv6_association_id": "",
            "ipv6_cidr_block": "",
            "ipv6_cidr_block_network_border_group": "",
            "ipv6_ipam_pool_id": "",
            "ipv6_netmask_length": 0,
            "main_route_table_id": "rtb-0bceaf056574e1451",
            "owner_id": "076757543616",
            "tags": {
              "Environment": "dev",
              "Name": "utc_vpc",
              "Team": "config management",
              "Terraform": "true"
            },
            "tags_all": {
              "Environment": "dev",
              "Name": "utc_vpc",
              "Team": "config management",
              "Terraform": "true"
            }
          },
          "sensitive_attributes": [],
          "private": "eyJzY2hlbWFfdmVyc2lvbiI6IjEifQ=="
        }
      ]
    },
    {
      "mode": "managed",
      "type": "local_file",
      "name": "tf_key",
      "provider": "provider[\"registry.terraform.io/hashicorp/local\"]",
      "instances": [
        {
          "schema_version": 0,
          "attributes": {
            "content": "-----BEGIN RSA PRIVATE KEY-----\nMIIJJwIBAAKCAgEA2Rq7xQKpYUm9nr9SPAFPqYeH68xLQvD9yGpbByo/Cu5avxLO\nOKK6mnLwEZZE+oifbNEafjivsatMvzRZ/2P35PZzWAARmZCrOdg1Q4HScMjpZX07\nPfx6BX6qmpGaCyASBg8S19VtATnOEB/UDz+1aaEsK9i5NPkRWVtuP2rEbFKakIul\n/E61M8WeIPjOg9fovVtbj3Z6/LMrpOqbX9A4xX143bg5g+oMtbUM88Fq7sznEH3t\nCCF6BVYVuZDDqIv7SDvGfcsgHEs80pHAfcCjVB4Nu6FoeYOrd9cnMPJLFryjay9j\nQkKZlDXqugoau+xvX81x4mT8vYlXfVQZPrx36HvXnfuLodKHyW7eyYCzFUa4l/6Q\n46Dszzg1Kdmh0XBah1GKp4iT2ZcSyr/RVCYGT6778ddbe6rmkqaPicRhbeL5psav\n5zSP11tYJeTLh1ZDH26aGnPPksWo+rgZ5UKkAByeFYs+6bfiUXiC9l6Stm6/SAGp\nKXFCPwcAAyaxpc1d/Tlv384LqjwGLmc4XSzt5QY3FP2uMbMs87UYtO0cVVjicILH\n3jUZe7ex64xOhG/ozF6cDMxHp0kS6atxWd6LPU3Uq3yWXnOttBTlI+W+yaUWY8xv\nQxlMazwqM5QkKb941BAKeLTIY2I4/WMT86cN6DS0bHfIJMwgtaUboJhc+a8CAwEA\nAQKCAgBOwZHoD+Ud88AjvEe6mMcrOo0mDsAmkoGdmGdZHAwujPTCZ7IDfZSvvo4z\n8w0mzTT4JoqzyyCBFSEMI5OaP8uHdZe2DqBT0tUqcLIxwQB0BY4VUO6St+oT4DVH\nSRZWftXK+ODfBv85+Jw14TXuKjBHFz6M0VuuScPvZGmD+9kxam3DjcUy1+KH22JX\nl6pizYoSVvfJ/TL0RJLKioi+oyxVCAU2eUP0BI2DxR/jtQBzjEUuCGBaGLrJAMd0\nv30awVzwgS6qJ2uImAqCYHkxpRYax6Q3sn/RxOAI4zXGXb67isbFdTVOrhZEW6LA\nxjWYglaMrFxpwjSlFRN11XIq/feI5YhL+KepV22Kr5zIqEhM6Xm9MOFm65nGi/bt\nk0lc7xeQTxpY8UHnmzbi54VkeSI02Xp3KWl2MMYmzaJDvpIxPifjkifXSZcG1wOC\nL6+ZNLWCi7xJvKUZJVtyfeRoUEZARQVWhlGec6Q8jGai71Q50xg7EWylbWqnrdcV\nQwdcm2ycw3DgjyYlNGKRdlhVARNl+45cr7uikx4NlMLo1FRQkgWXjvCYgh+HlGQh\n9IJfm6Mdxx6Z+FHgp5I/hv74afNrmCkZT5B1mBK0EmcX3JhiSAfq9OLgNOZtIoBh\nc3b09x0UXzoHIJfb811tP3gUnPbqhSpFBHug014hntU6Zh8CoQKCAQEA7O5OeJYm\nonws8W0N3u3TJ52WZTi318sXqTtqYdbYEJqzbEOC8oCLC+a3RSaznmoP1dxpKYSI\nRkdFZ8UCWe3w81JTtZzQpkcm7MI3KlM91F225lx3HRi0l7ehNREhZbEOzniyqUjM\nsr+13KhzXYzJpRUGkwnE9zQduG+joPuBMAkP3oZp7vJygSJ5ayFK+8G7+NA93Tnn\nglkxJ/Rxrg0ohyPm6NdbQbzElnVjopZWCWuvPAhTT51BcIsulHmI+nkw9eZS/x3Q\nivb85TGoMj01jl6YePBIVTTlxPBNQUaNNOkWjiGIyOjX7t/fbUjLoxMxEWXYKfS1\nnjpaSf8222TKCQKCAQEA6pPs2CNlcixd1DgT6yfF8lMqUTEmU4PxFZUBwPvsYgFY\n2j6MrLNlqVFEiLn1+rw1jqiav8tITrdiOUm03p4hrw339+e4Z+y5q6iMYa3Acrob\ncOL6AvkM+PqiI4iJaBwBkqgdj8Gknpgg45lkxIQBr2PwORvBJWVRb0/s11knZ+Mx\nXZubeSkQgcy1QT6u2i8I6QB/fsdwAAUBbZX/2K+LgpNiNL1Tei2N7pusfvYYq5ci\nwOKUARJHE52ZheUxjoJdMdN+7MstDilv3kgv9kP5xyPJjTFwDd4rleCXAf477e3A\nQsL8mXcht243QWSDo/nyFNkC+FeQ32PsZDCqT3xz9wKCAQBixJUBv9YrNgimPAfk\nPtAfW5ouaA57brZWXeZjEuTPRy40m5Ai92L/exY7RX7rMtuXE2LjY9RLN7q/H2lz\ng7VGObObqdtw9YhMekn04u6LcOWl8jXVc08VT/9r19BMTBsYB0izOR3cBf8SFUbC\nYMZOgw1SjmgFhTw+fot/uFiKZbyvzuiqK3eATZbACgjwGjr55hVj+5d+xx+uwEAD\nhoi2jUjdF6l7Je3tqtH2HSWQl8tdAzt3nN6CxAKO8nsfrxWx7Gn837jntT6HbMPo\n7Ys95kE5aTE+E+cUyffqljaXL/OvHFuhJS+e7MR/EjGRsZZq4kHSe6iaZUjuP+3m\nV4XBAoIBABYqrlnqVl7IpIE2X2N8Wa9BfqE3hMilkjWY5BaJd9f3Cp9tA7waI8Qx\nQsms0PrFqEX31s/C9O1DVQvW1DmpNcOmDUWm5v0jGJSJE+LzGVl+DrPHLxryz/AD\nNykmcN2er+Nc8ZYxFU5LT+hSCXysgMBDMGMlJUZUYbKkGdxrt1aQ2Ixg9PspDz9E\nyegFdV52zV+/RU0EqafG0VC6uPeP9x36sXAMaAQGo//lRBKnTMOCP618e8HyKTdI\nUEaf1uQBm67mrnrP5E0PS1v09FtQJx1TW2t1PYKB+Rpro7lzfdRJAD8Oz/HsmQoN\nZzlNt0baiq6/pxEyrST++0qocp+aQhcCggEARUdch0z9iM7JwYHViyc66qejsTKd\nQBLXB1/Ky33wd6Gna+UO68u1rGjNzLKEPuEjUpJmZ732thbC7ME1SJJAvShT61Hr\nadhq7Zm4Johoo2VKnU7xA9ksOJUfq69AdCIysI+RYC6wkClI+BCUia1cSyccF3vf\ndu6F1+23OABd1oBqDFu3lh6+bZB2XnIEfOSv5BSdIs8jrlTG9O1ObfmyP0NLfEKD\n/Zu5cknJqTG0WWBPGk0QMVKe9JkjcBop04bTE2D3Qo2xUnajqtVqmD/bBouHjp9p\n9GMiK3AxeXcrENyVzYzi/gBEb3BlhsTHGmJxdG2ZdYCSZVTzwnE09tkT4w==\n-----END RSA PRIVATE KEY-----\n",
            "content_base64": null,
            "directory_permission": "0777",
            "file_permission": "0777",
            "filename": "utc_key.pem",
            "id": "6ce11a479e330eab24b23900c1663f0582c15f15",
            "sensitive_content": null,
            "source": null
          },
          "sensitive_attributes": [
            [
              {
                "type": "get_attr",
                "value": "content"
              }
            ]
          ],
          "private": "bnVsbA==",
          "dependencies": [
            "tls_private_key.rsa"
          ]
        }
      ]
    },
    {
      "mode": "managed",
      "type": "tls_private_key",
      "name": "rsa",
      "provider": "provider[\"registry.terraform.io/hashicorp/tls\"]",
      "instances": [
        {
          "schema_version": 1,
          "attributes": {
            "algorithm": "RSA",
            "ecdsa_curve": "P224",
            "id": "7a24f3037e1cfc26a3ef01c9f1349fe04c542e18",
            "private_key_openssh": "-----BEGIN OPENSSH PRIVATE KEY-----\nb3BlbnNzaC1rZXktdjEAAAAABG5vbmUAAAAEbm9uZQAAAAAAAAABAAACFwAAAAdz\nc2gtcnNhAAAAAwEAAQAAAgEA2Rq7xQKpYUm9nr9SPAFPqYeH68xLQvD9yGpbByo/\nCu5avxLOOKK6mnLwEZZE+oifbNEafjivsatMvzRZ/2P35PZzWAARmZCrOdg1Q4HS\ncMjpZX07Pfx6BX6qmpGaCyASBg8S19VtATnOEB/UDz+1aaEsK9i5NPkRWVtuP2rE\nbFKakIul/E61M8WeIPjOg9fovVtbj3Z6/LMrpOqbX9A4xX143bg5g+oMtbUM88Fq\n7sznEH3tCCF6BVYVuZDDqIv7SDvGfcsgHEs80pHAfcCjVB4Nu6FoeYOrd9cnMPJL\nFryjay9jQkKZlDXqugoau+xvX81x4mT8vYlXfVQZPrx36HvXnfuLodKHyW7eyYCz\nFUa4l/6Q46Dszzg1Kdmh0XBah1GKp4iT2ZcSyr/RVCYGT6778ddbe6rmkqaPicRh\nbeL5psav5zSP11tYJeTLh1ZDH26aGnPPksWo+rgZ5UKkAByeFYs+6bfiUXiC9l6S\ntm6/SAGpKXFCPwcAAyaxpc1d/Tlv384LqjwGLmc4XSzt5QY3FP2uMbMs87UYtO0c\nVVjicILH3jUZe7ex64xOhG/ozF6cDMxHp0kS6atxWd6LPU3Uq3yWXnOttBTlI+W+\nyaUWY8xvQxlMazwqM5QkKb941BAKeLTIY2I4/WMT86cN6DS0bHfIJMwgtaUboJhc\n+a8AAAc48gITN/ICEzcAAAAHc3NoLXJzYQAAAgEA2Rq7xQKpYUm9nr9SPAFPqYeH\n68xLQvD9yGpbByo/Cu5avxLOOKK6mnLwEZZE+oifbNEafjivsatMvzRZ/2P35PZz\nWAARmZCrOdg1Q4HScMjpZX07Pfx6BX6qmpGaCyASBg8S19VtATnOEB/UDz+1aaEs\nK9i5NPkRWVtuP2rEbFKakIul/E61M8WeIPjOg9fovVtbj3Z6/LMrpOqbX9A4xX14\n3bg5g+oMtbUM88Fq7sznEH3tCCF6BVYVuZDDqIv7SDvGfcsgHEs80pHAfcCjVB4N\nu6FoeYOrd9cnMPJLFryjay9jQkKZlDXqugoau+xvX81x4mT8vYlXfVQZPrx36HvX\nnfuLodKHyW7eyYCzFUa4l/6Q46Dszzg1Kdmh0XBah1GKp4iT2ZcSyr/RVCYGT677\n8ddbe6rmkqaPicRhbeL5psav5zSP11tYJeTLh1ZDH26aGnPPksWo+rgZ5UKkABye\nFYs+6bfiUXiC9l6Stm6/SAGpKXFCPwcAAyaxpc1d/Tlv384LqjwGLmc4XSzt5QY3\nFP2uMbMs87UYtO0cVVjicILH3jUZe7ex64xOhG/ozF6cDMxHp0kS6atxWd6LPU3U\nq3yWXnOttBTlI+W+yaUWY8xvQxlMazwqM5QkKb941BAKeLTIY2I4/WMT86cN6DS0\nbHfIJMwgtaUboJhc+a8AAAADAQABAAACAE7BkegP5R3zwCO8R7qYxys6jSYOwCaS\ngZ2YZ1kcDC6M9MJnsgN9lK++jjPzDSbNNPgmirPLIIEVIQwjk5o/y4d1l7YOoFPS\n1SpwsjHBAHQFjhVQ7pK36hPgNUdJFlZ+1cr44N8G/zn4nDXhNe4qMEcXPozRW65J\nw+9kaYP72TFqbcONxTLX4ofbYleXqmLNihJW98n9MvREksqKiL6jLFUIBTZ5Q/QE\njYPFH+O1AHOMRS4IYFoYuskAx3S/fRrBXPCBLqona4iYCoJgeTGlFhrHpDeyf9HE\n4AjjNcZdvruKxsV1NU6uFkRbosDGNZiCVoysXGnCNKUVE3XVcir994jliEv4p6lX\nbYqvnMioSEzpeb0w4WbrmcaL9u2TSVzvF5BPGljxQeebNuLnhWR5IjTZencpaXYw\nxibNokO+kjE+J+OSJ9dJlwbXA4Ivr5k0tYKLvEm8pRklW3J95GhQRkBFBVaGUZ5z\npDyMZqLvVDnTGDsRbKVtaqet1xVDB1ybbJzDcOCPJiU0YpF2WFUBE2X7jlyvu6KT\nHg2UwujUVFCSBZeO8JiCH4eUZCH0gl+box3HHpn4UeCnkj+G/vhp82uYKRlPkHWY\nErQSZxfcmGJIB+r04uA05m0igGFzdvT3HRRfOgcgl9vzXW0/eBSc9uqFKkUEe6DT\nXiGe1TpmHwKhAAABAEVHXIdM/YjOycGB1YsnOuqno7EynUAS1wdfyst98Hehp2vl\nDuvLtaxozcyyhD7hI1KSZme99rYWwuzBNUiSQL0oU+tR62nYau2ZuCaIaKNlSp1O\n8QPZLDiVH6uvQHQiMrCPkWAusJApSPgQlImtXEsnHBd733buhdfttzgAXdaAagxb\nt5Yevm2Qdl5yBHzkr+QUnSLPI65UxvTtTm35sj9DS3xCg/2buXJJyakxtFlgTxpN\nEDFSnvSZI3AaKdOG0xNg90KNsVJ2o6rVapg/2waLh46fafRjIitwMXl3KxDclc2M\n4v4ARG9wZYbExxpicXRtmXWAkmVU88JxNPbZE+MAAAEBAOzuTniWJqJ8LPFtDd7t\n0yedlmU4t9fLF6k7amHW2BCas2xDgvKAiwvmt0Ums55qD9XcaSmEiEZHRWfFAlnt\n8PNSU7Wc0KZHJuzCNypTPdRdtuZcdx0YtJe3oTURIWWxDs54sqlIzLK/tdyoc12M\nyaUVBpMJxPc0Hbhvo6D7gTAJD96Gae7ycoEieWshSvvBu/jQPd0554JZMSf0ca4N\nKIcj5ujXW0G8xJZ1Y6KWVglrrzwIU0+dQXCLLpR5iPp5MPXmUv8d0Ir2/OUxqDI9\nNY5emHjwSFU05cTwTUFGjTTpFo4hiMjo1+7f321Iy6MTMRFl2Cn0tZ46Wkn/Nttk\nygkAAAEBAOqT7NgjZXIsXdQ4E+snxfJTKlExJlOD8RWVAcD77GIBWNo+jKyzZalR\nRIi59fq8NY6omr/LSE63YjlJtN6eIa8N9/fnuGfsuauojGGtwHK6G3Di+gL5DPj6\noiOIiWgcAZKoHY/BpJ6YIOOZZMSEAa9j8DkbwSVlUW9P7NdZJ2fjMV2bm3kpEIHM\ntUE+rtovCOkAf37HcAAFAW2V/9ivi4KTYjS9U3otje6brH72GKuXIsDilAESRxOd\nmYXlMY6CXTHTfuzLLQ4pb95IL/ZD+ccjyY0xcA3eK5XglwH+O+3twELC/Jl3Ibdu\nN0Fkg6P58hTZAvhXkN9j7GQwqk98c/cAAAAAAQID\n-----END OPENSSH PRIVATE KEY-----\n",
            "private_key_pem": "-----BEGIN RSA PRIVATE KEY-----\nMIIJJwIBAAKCAgEA2Rq7xQKpYUm9nr9SPAFPqYeH68xLQvD9yGpbByo/Cu5avxLO\nOKK6mnLwEZZE+oifbNEafjivsatMvzRZ/2P35PZzWAARmZCrOdg1Q4HScMjpZX07\nPfx6BX6qmpGaCyASBg8S19VtATnOEB/UDz+1aaEsK9i5NPkRWVtuP2rEbFKakIul\n/E61M8WeIPjOg9fovVtbj3Z6/LMrpOqbX9A4xX143bg5g+oMtbUM88Fq7sznEH3t\nCCF6BVYVuZDDqIv7SDvGfcsgHEs80pHAfcCjVB4Nu6FoeYOrd9cnMPJLFryjay9j\nQkKZlDXqugoau+xvX81x4mT8vYlXfVQZPrx36HvXnfuLodKHyW7eyYCzFUa4l/6Q\n46Dszzg1Kdmh0XBah1GKp4iT2ZcSyr/RVCYGT6778ddbe6rmkqaPicRhbeL5psav\n5zSP11tYJeTLh1ZDH26aGnPPksWo+rgZ5UKkAByeFYs+6bfiUXiC9l6Stm6/SAGp\nKXFCPwcAAyaxpc1d/Tlv384LqjwGLmc4XSzt5QY3FP2uMbMs87UYtO0cVVjicILH\n3jUZe7ex64xOhG/ozF6cDMxHp0kS6atxWd6LPU3Uq3yWXnOttBTlI+W+yaUWY8xv\nQxlMazwqM5QkKb941BAKeLTIY2I4/WMT86cN6DS0bHfIJMwgtaUboJhc+a8CAwEA\nAQKCAgBOwZHoD+Ud88AjvEe6mMcrOo0mDsAmkoGdmGdZHAwujPTCZ7IDfZSvvo4z\n8w0mzTT4JoqzyyCBFSEMI5OaP8uHdZe2DqBT0tUqcLIxwQB0BY4VUO6St+oT4DVH\nSRZWftXK+ODfBv85+Jw14TXuKjBHFz6M0VuuScPvZGmD+9kxam3DjcUy1+KH22JX\nl6pizYoSVvfJ/TL0RJLKioi+oyxVCAU2eUP0BI2DxR/jtQBzjEUuCGBaGLrJAMd0\nv30awVzwgS6qJ2uImAqCYHkxpRYax6Q3sn/RxOAI4zXGXb67isbFdTVOrhZEW6LA\nxjWYglaMrFxpwjSlFRN11XIq/feI5YhL+KepV22Kr5zIqEhM6Xm9MOFm65nGi/bt\nk0lc7xeQTxpY8UHnmzbi54VkeSI02Xp3KWl2MMYmzaJDvpIxPifjkifXSZcG1wOC\nL6+ZNLWCi7xJvKUZJVtyfeRoUEZARQVWhlGec6Q8jGai71Q50xg7EWylbWqnrdcV\nQwdcm2ycw3DgjyYlNGKRdlhVARNl+45cr7uikx4NlMLo1FRQkgWXjvCYgh+HlGQh\n9IJfm6Mdxx6Z+FHgp5I/hv74afNrmCkZT5B1mBK0EmcX3JhiSAfq9OLgNOZtIoBh\nc3b09x0UXzoHIJfb811tP3gUnPbqhSpFBHug014hntU6Zh8CoQKCAQEA7O5OeJYm\nonws8W0N3u3TJ52WZTi318sXqTtqYdbYEJqzbEOC8oCLC+a3RSaznmoP1dxpKYSI\nRkdFZ8UCWe3w81JTtZzQpkcm7MI3KlM91F225lx3HRi0l7ehNREhZbEOzniyqUjM\nsr+13KhzXYzJpRUGkwnE9zQduG+joPuBMAkP3oZp7vJygSJ5ayFK+8G7+NA93Tnn\nglkxJ/Rxrg0ohyPm6NdbQbzElnVjopZWCWuvPAhTT51BcIsulHmI+nkw9eZS/x3Q\nivb85TGoMj01jl6YePBIVTTlxPBNQUaNNOkWjiGIyOjX7t/fbUjLoxMxEWXYKfS1\nnjpaSf8222TKCQKCAQEA6pPs2CNlcixd1DgT6yfF8lMqUTEmU4PxFZUBwPvsYgFY\n2j6MrLNlqVFEiLn1+rw1jqiav8tITrdiOUm03p4hrw339+e4Z+y5q6iMYa3Acrob\ncOL6AvkM+PqiI4iJaBwBkqgdj8Gknpgg45lkxIQBr2PwORvBJWVRb0/s11knZ+Mx\nXZubeSkQgcy1QT6u2i8I6QB/fsdwAAUBbZX/2K+LgpNiNL1Tei2N7pusfvYYq5ci\nwOKUARJHE52ZheUxjoJdMdN+7MstDilv3kgv9kP5xyPJjTFwDd4rleCXAf477e3A\nQsL8mXcht243QWSDo/nyFNkC+FeQ32PsZDCqT3xz9wKCAQBixJUBv9YrNgimPAfk\nPtAfW5ouaA57brZWXeZjEuTPRy40m5Ai92L/exY7RX7rMtuXE2LjY9RLN7q/H2lz\ng7VGObObqdtw9YhMekn04u6LcOWl8jXVc08VT/9r19BMTBsYB0izOR3cBf8SFUbC\nYMZOgw1SjmgFhTw+fot/uFiKZbyvzuiqK3eATZbACgjwGjr55hVj+5d+xx+uwEAD\nhoi2jUjdF6l7Je3tqtH2HSWQl8tdAzt3nN6CxAKO8nsfrxWx7Gn837jntT6HbMPo\n7Ys95kE5aTE+E+cUyffqljaXL/OvHFuhJS+e7MR/EjGRsZZq4kHSe6iaZUjuP+3m\nV4XBAoIBABYqrlnqVl7IpIE2X2N8Wa9BfqE3hMilkjWY5BaJd9f3Cp9tA7waI8Qx\nQsms0PrFqEX31s/C9O1DVQvW1DmpNcOmDUWm5v0jGJSJE+LzGVl+DrPHLxryz/AD\nNykmcN2er+Nc8ZYxFU5LT+hSCXysgMBDMGMlJUZUYbKkGdxrt1aQ2Ixg9PspDz9E\nyegFdV52zV+/RU0EqafG0VC6uPeP9x36sXAMaAQGo//lRBKnTMOCP618e8HyKTdI\nUEaf1uQBm67mrnrP5E0PS1v09FtQJx1TW2t1PYKB+Rpro7lzfdRJAD8Oz/HsmQoN\nZzlNt0baiq6/pxEyrST++0qocp+aQhcCggEARUdch0z9iM7JwYHViyc66qejsTKd\nQBLXB1/Ky33wd6Gna+UO68u1rGjNzLKEPuEjUpJmZ732thbC7ME1SJJAvShT61Hr\nadhq7Zm4Johoo2VKnU7xA9ksOJUfq69AdCIysI+RYC6wkClI+BCUia1cSyccF3vf\ndu6F1+23OABd1oBqDFu3lh6+bZB2XnIEfOSv5BSdIs8jrlTG9O1ObfmyP0NLfEKD\n/Zu5cknJqTG0WWBPGk0QMVKe9JkjcBop04bTE2D3Qo2xUnajqtVqmD/bBouHjp9p\n9GMiK3AxeXcrENyVzYzi/gBEb3BlhsTHGmJxdG2ZdYCSZVTzwnE09tkT4w==\n-----END RSA PRIVATE KEY-----\n",
            "private_key_pem_pkcs8": "-----BEGIN PRIVATE KEY-----\nMIIJQQIBADANBgkqhkiG9w0BAQEFAASCCSswggknAgEAAoICAQDZGrvFAqlhSb2e\nv1I8AU+ph4frzEtC8P3IalsHKj8K7lq/Es44orqacvARlkT6iJ9s0Rp+OK+xq0y/\nNFn/Y/fk9nNYABGZkKs52DVDgdJwyOllfTs9/HoFfqqakZoLIBIGDxLX1W0BOc4Q\nH9QPP7VpoSwr2Lk0+RFZW24/asRsUpqQi6X8TrUzxZ4g+M6D1+i9W1uPdnr8syuk\n6ptf0DjFfXjduDmD6gy1tQzzwWruzOcQfe0IIXoFVhW5kMOoi/tIO8Z9yyAcSzzS\nkcB9wKNUHg27oWh5g6t31ycw8ksWvKNrL2NCQpmUNeq6Chq77G9fzXHiZPy9iVd9\nVBk+vHfoe9ed+4uh0ofJbt7JgLMVRriX/pDjoOzPODUp2aHRcFqHUYqniJPZlxLK\nv9FUJgZPrvvx11t7quaSpo+JxGFt4vmmxq/nNI/XW1gl5MuHVkMfbpoac8+Sxaj6\nuBnlQqQAHJ4Viz7pt+JReIL2XpK2br9IAakpcUI/BwADJrGlzV39OW/fzguqPAYu\nZzhdLO3lBjcU/a4xsyzztRi07RxVWOJwgsfeNRl7t7HrjE6Eb+jMXpwMzEenSRLp\nq3FZ3os9TdSrfJZec620FOUj5b7JpRZjzG9DGUxrPCozlCQpv3jUEAp4tMhjYjj9\nYxPzpw3oNLRsd8gkzCC1pRugmFz5rwIDAQABAoICAE7BkegP5R3zwCO8R7qYxys6\njSYOwCaSgZ2YZ1kcDC6M9MJnsgN9lK++jjPzDSbNNPgmirPLIIEVIQwjk5o/y4d1\nl7YOoFPS1SpwsjHBAHQFjhVQ7pK36hPgNUdJFlZ+1cr44N8G/zn4nDXhNe4qMEcX\nPozRW65Jw+9kaYP72TFqbcONxTLX4ofbYleXqmLNihJW98n9MvREksqKiL6jLFUI\nBTZ5Q/QEjYPFH+O1AHOMRS4IYFoYuskAx3S/fRrBXPCBLqona4iYCoJgeTGlFhrH\npDeyf9HE4AjjNcZdvruKxsV1NU6uFkRbosDGNZiCVoysXGnCNKUVE3XVcir994jl\niEv4p6lXbYqvnMioSEzpeb0w4WbrmcaL9u2TSVzvF5BPGljxQeebNuLnhWR5IjTZ\nencpaXYwxibNokO+kjE+J+OSJ9dJlwbXA4Ivr5k0tYKLvEm8pRklW3J95GhQRkBF\nBVaGUZ5zpDyMZqLvVDnTGDsRbKVtaqet1xVDB1ybbJzDcOCPJiU0YpF2WFUBE2X7\njlyvu6KTHg2UwujUVFCSBZeO8JiCH4eUZCH0gl+box3HHpn4UeCnkj+G/vhp82uY\nKRlPkHWYErQSZxfcmGJIB+r04uA05m0igGFzdvT3HRRfOgcgl9vzXW0/eBSc9uqF\nKkUEe6DTXiGe1TpmHwKhAoIBAQDs7k54liaifCzxbQ3e7dMnnZZlOLfXyxepO2ph\n1tgQmrNsQ4LygIsL5rdFJrOeag/V3GkphIhGR0VnxQJZ7fDzUlO1nNCmRybswjcq\nUz3UXbbmXHcdGLSXt6E1ESFlsQ7OeLKpSMyyv7XcqHNdjMmlFQaTCcT3NB24b6Og\n+4EwCQ/ehmnu8nKBInlrIUr7wbv40D3dOeeCWTEn9HGuDSiHI+bo11tBvMSWdWOi\nllYJa688CFNPnUFwiy6UeYj6eTD15lL/HdCK9vzlMagyPTWOXph48EhVNOXE8E1B\nRo006RaOIYjI6Nfu399tSMujEzERZdgp9LWeOlpJ/zbbZMoJAoIBAQDqk+zYI2Vy\nLF3UOBPrJ8XyUypRMSZTg/EVlQHA++xiAVjaPoyss2WpUUSIufX6vDWOqJq/y0hO\nt2I5SbTeniGvDff357hn7LmrqIxhrcByuhtw4voC+Qz4+qIjiIloHAGSqB2PwaSe\nmCDjmWTEhAGvY/A5G8ElZVFvT+zXWSdn4zFdm5t5KRCBzLVBPq7aLwjpAH9+x3AA\nBQFtlf/Yr4uCk2I0vVN6LY3um6x+9hirlyLA4pQBEkcTnZmF5TGOgl0x037syy0O\nKW/eSC/2Q/nHI8mNMXAN3iuV4JcB/jvt7cBCwvyZdyG3bjdBZIOj+fIU2QL4V5Df\nY+xkMKpPfHP3AoIBAGLElQG/1is2CKY8B+Q+0B9bmi5oDntutlZd5mMS5M9HLjSb\nkCL3Yv97FjtFfusy25cTYuNj1Es3ur8faXODtUY5s5up23D1iEx6SfTi7otw5aXy\nNdVzTxVP/2vX0ExMGxgHSLM5HdwF/xIVRsJgxk6DDVKOaAWFPD5+i3+4WIplvK/O\n6Kord4BNlsAKCPAaOvnmFWP7l37HH67AQAOGiLaNSN0XqXsl7e2q0fYdJZCXy10D\nO3ec3oLEAo7yex+vFbHsafzfuOe1Podsw+jtiz3mQTlpMT4T5xTJ9+qWNpcv868c\nW6ElL57sxH8SMZGxlmriQdJ7qJplSO4/7eZXhcECggEAFiquWepWXsikgTZfY3xZ\nr0F+oTeEyKWSNZjkFol31/cKn20DvBojxDFCyazQ+sWoRffWz8L07UNVC9bUOak1\nw6YNRabm/SMYlIkT4vMZWX4Os8cvGvLP8AM3KSZw3Z6v41zxljEVTktP6FIJfKyA\nwEMwYyUlRlRhsqQZ3Gu3VpDYjGD0+ykPP0TJ6AV1XnbNX79FTQSpp8bRULq494/3\nHfqxcAxoBAaj/+VEEqdMw4I/rXx7wfIpN0hQRp/W5AGbruaues/kTQ9LW/T0W1An\nHVNba3U9goH5GmujuXN91EkAPw7P8eyZCg1nOU23RtqKrr+nETKtJP77Sqhyn5pC\nFwKCAQBFR1yHTP2IzsnBgdWLJzrqp6OxMp1AEtcHX8rLffB3oadr5Q7ry7WsaM3M\nsoQ+4SNSkmZnvfa2FsLswTVIkkC9KFPrUetp2GrtmbgmiGijZUqdTvED2Sw4lR+r\nr0B0IjKwj5FgLrCQKUj4EJSJrVxLJxwXe9927oXX7bc4AF3WgGoMW7eWHr5tkHZe\ncgR85K/kFJ0izyOuVMb07U5t+bI/Q0t8QoP9m7lyScmpMbRZYE8aTRAxUp70mSNw\nGinThtMTYPdCjbFSdqOq1WqYP9sGi4eOn2n0YyIrcDF5dysQ3JXNjOL+AERvcGWG\nxMcaYnF0bZl1gJJlVPPCcTT22RPj\n-----END PRIVATE KEY-----\n",
            "public_key_fingerprint_md5": "7c:9f:e0:68:d9:1e:b7:b7:06:9b:66:49:d0:d0:26:c4",
            "public_key_fingerprint_sha256": "SHA256:2YpwW1jttcAuprvHQPBhgEgYt6eenEnU2lnXvD3ZiNw",
            "public_key_openssh": "ssh-rsa AAAAB3NzaC1yc2EAAAADAQABAAACAQDZGrvFAqlhSb2ev1I8AU+ph4frzEtC8P3IalsHKj8K7lq/Es44orqacvARlkT6iJ9s0Rp+OK+xq0y/NFn/Y/fk9nNYABGZkKs52DVDgdJwyOllfTs9/HoFfqqakZoLIBIGDxLX1W0BOc4QH9QPP7VpoSwr2Lk0+RFZW24/asRsUpqQi6X8TrUzxZ4g+M6D1+i9W1uPdnr8syuk6ptf0DjFfXjduDmD6gy1tQzzwWruzOcQfe0IIXoFVhW5kMOoi/tIO8Z9yyAcSzzSkcB9wKNUHg27oWh5g6t31ycw8ksWvKNrL2NCQpmUNeq6Chq77G9fzXHiZPy9iVd9VBk+vHfoe9ed+4uh0ofJbt7JgLMVRriX/pDjoOzPODUp2aHRcFqHUYqniJPZlxLKv9FUJgZPrvvx11t7quaSpo+JxGFt4vmmxq/nNI/XW1gl5MuHVkMfbpoac8+Sxaj6uBnlQqQAHJ4Viz7pt+JReIL2XpK2br9IAakpcUI/BwADJrGlzV39OW/fzguqPAYuZzhdLO3lBjcU/a4xsyzztRi07RxVWOJwgsfeNRl7t7HrjE6Eb+jMXpwMzEenSRLpq3FZ3os9TdSrfJZec620FOUj5b7JpRZjzG9DGUxrPCozlCQpv3jUEAp4tMhjYjj9YxPzpw3oNLRsd8gkzCC1pRugmFz5rw==\n",
            "public_key_pem": "-----BEGIN PUBLIC KEY-----\nMIICIjANBgkqhkiG9w0BAQEFAAOCAg8AMIICCgKCAgEA2Rq7xQKpYUm9nr9SPAFP\nqYeH68xLQvD9yGpbByo/Cu5avxLOOKK6mnLwEZZE+oifbNEafjivsatMvzRZ/2P3\n5PZzWAARmZCrOdg1Q4HScMjpZX07Pfx6BX6qmpGaCyASBg8S19VtATnOEB/UDz+1\naaEsK9i5NPkRWVtuP2rEbFKakIul/E61M8WeIPjOg9fovVtbj3Z6/LMrpOqbX9A4\nxX143bg5g+oMtbUM88Fq7sznEH3tCCF6BVYVuZDDqIv7SDvGfcsgHEs80pHAfcCj\nVB4Nu6FoeYOrd9cnMPJLFryjay9jQkKZlDXqugoau+xvX81x4mT8vYlXfVQZPrx3\n6HvXnfuLodKHyW7eyYCzFUa4l/6Q46Dszzg1Kdmh0XBah1GKp4iT2ZcSyr/RVCYG\nT6778ddbe6rmkqaPicRhbeL5psav5zSP11tYJeTLh1ZDH26aGnPPksWo+rgZ5UKk\nAByeFYs+6bfiUXiC9l6Stm6/SAGpKXFCPwcAAyaxpc1d/Tlv384LqjwGLmc4XSzt\n5QY3FP2uMbMs87UYtO0cVVjicILH3jUZe7ex64xOhG/ozF6cDMxHp0kS6atxWd6L\nPU3Uq3yWXnOttBTlI+W+yaUWY8xvQxlMazwqM5QkKb941BAKeLTIY2I4/WMT86cN\n6DS0bHfIJMwgtaUboJhc+a8CAwEAAQ==\n-----END PUBLIC KEY-----\n",
            "rsa_bits": 4096
          },
          "sensitive_attributes": []
        }
      ]
    }
  ],
  "check_results": null
}
